
Microsoft Visual Studio Solution File, Format Version 12.00
# Visual Studio 2013
VisualStudioVersion = 12.0.30501.0
MinimumVisualStudioVersion = 10.0.40219.1
Project("{2150E333-8FDC-42A3-9474-1A3956D46DE8}") = "Dll", "Dll", "{14625FE3-757A-4A4D-9E7D-D88695A2E3DC}"
EndProject
Project("{2150E333-8FDC-42A3-9474-1A3956D46DE8}") = "Sys", "Sys", "{6EDC0F7F-3D3A-4399-912C-FD85C918C38F}"
EndProject
Project("{8BC9CEB8-8B4A-11D0-8D11-00A0C91BC942}") = "AsFilter", "AsFilter\AsFilter.vcxproj", "{4D366E76-5436-45F1-8CC7-E4BBFFB324F5}"
EndProject
Project("{2150E333-8FDC-42A3-9474-1A3956D46DE8}") = "Exe", "Exe", "{13975FF6-4C92-4F4D-B1C4-60833043CFE4}"
EndProject
Project("{2150E333-8FDC-42A3-9474-1A3956D46DE8}") = "Lib", "Lib", "{E659524E-0772-498E-929E-3848C9456F8D}"
EndProject
Project("{8BC9CEB8-8B4A-11D0-8D11-00A0C91BC942}") = "AsPipeLib", "AsPipeLib\AsPipeLib.vcxproj", "{FD5DA158-7543-4FF7-A025-8301D86DF2F7}"
EndProject
Project("{8BC9CEB8-8B4A-11D0-8D11-00A0C91BC942}") = "AsUpdate", "AsUpdate\AsUpdate.vcxproj", "{09A0BD19-EEC2-4DC6-8A36-6ADB3D84A0F7}"
EndProject
Project("{8BC9CEB8-8B4A-11D0-8D11-00A0C91BC942}") = "AsScanManager", "AsScanManager\AsScanManager.vcxproj", "{8C0F50BD-BE3E-4FF8-86F9-3A76DC99C1A8}"
EndProject
Project("{8BC9CEB8-8B4A-11D0-8D11-00A0C91BC942}") = "AsVerify", "AsVerify\AsVerify.vcxproj", "{C0F40953-E132-494E-A064-286DE7497E33}"
EndProject
Project("{8BC9CEB8-8B4A-11D0-8D11-00A0C91BC942}") = "AsCore", "AsCore\AsCore.vcxproj", "{FFEC5A00-C8EB-483C-95C8-5796166D98D5}"
EndProject
Project("{8BC9CEB8-8B4A-11D0-8D11-00A0C91BC942}") = "AsUI", "AsUI\AsUI.vcxproj", "{53C079BE-E027-4B2B-BA66-569AC5138CB7}"
EndProject
Project("{8BC9CEB8-8B4A-11D0-8D11-00A0C91BC942}") = "AsNt", "AsNt\AsNt.vcxproj", "{BF254B84-1FC8-4390-B917-990BE992734C}"
EndProject
Project("{8BC9CEB8-8B4A-11D0-8D11-00A0C91BC942}") = "AsNtControl", "AsNtControl\AsNtControl.vcxproj", "{2C9BC69C-8CEC-4C57-875C-E502EC76AE3B}"
EndProject
Global
	GlobalSection(TeamFoundationVersionControl) = preSolution
		SccNumberOfProjects = 10
		SccEnterpriseProvider = {4CA58AB2-18FA-4F8D-95D4-32DDF27D184C}
		SccTeamFoundationServer = https://deyu.visualstudio.com/defaultcollection
		SccLocalPath0 = .
		SccProjectUniqueName1 = AsFilter\\AsFilter.vcxproj
		SccProjectTopLevelParentUniqueName1 = Ale.sense.sln
		SccProjectName1 = AsFilter
		SccLocalPath1 = AsFilter
		SccProjectUniqueName2 = AsPipeLib\\AsPipeLib.vcxproj
		SccProjectTopLevelParentUniqueName2 = Ale.sense.sln
		SccProjectName2 = AsPipeLib
		SccLocalPath2 = AsPipeLib
		SccProjectUniqueName3 = AsUpdate\\AsUpdate.vcxproj
		SccProjectTopLevelParentUniqueName3 = Ale.sense.sln
		SccProjectName3 = AsUpdate
		SccLocalPath3 = AsUpdate
		SccProjectUniqueName4 = AsScanManager\\AsScanManager.vcxproj
		SccProjectTopLevelParentUniqueName4 = Ale.sense.sln
		SccProjectName4 = AsScanManager
		SccLocalPath4 = AsScanManager
		SccProjectUniqueName5 = AsVerify\\AsVerify.vcxproj
		SccProjectTopLevelParentUniqueName5 = Ale.sense.sln
		SccProjectName5 = AsVerify
		SccLocalPath5 = AsVerify
		SccProjectUniqueName6 = AsCore\\AsCore.vcxproj
		SccProjectTopLevelParentUniqueName6 = Ale.sense.sln
		SccProjectName6 = AsCore
		SccLocalPath6 = AsCore
		SccProjectUniqueName7 = AsUI\\AsUI.vcxproj
		SccProjectTopLevelParentUniqueName7 = Ale.sense.sln
		SccProjectName7 = AsUI
		SccLocalPath7 = AsUI
		SccProjectUniqueName8 = AsNt\\AsNt.vcxproj
		SccProjectTopLevelParentUniqueName8 = Ale.sense.sln
		SccProjectName8 = AsNt
		SccLocalPath8 = AsNt
		SccProjectUniqueName9 = AsNtControl\\AsNtControl.vcxproj
		SccProjectTopLevelParentUniqueName9 = Ale.sense.sln
		SccProjectName9 = AsNtControl
		SccLocalPath9 = AsNtControl
	EndGlobalSection
	GlobalSection(SolutionConfigurationPlatforms) = preSolution
		Debug|Any CPU = Debug|Any CPU
		Debug|Mixed Platforms = Debug|Mixed Platforms
		Debug|Win32 = Debug|Win32
		Debug|x64 = Debug|x64
		Release|Any CPU = Release|Any CPU
		Release|Mixed Platforms = Release|Mixed Platforms
		Release|Win32 = Release|Win32
		Release|x64 = Release|x64
		Vista Debug|Any CPU = Vista Debug|Any CPU
		Vista Debug|Mixed Platforms = Vista Debug|Mixed Platforms
		Vista Debug|Win32 = Vista Debug|Win32
		Vista Debug|x64 = Vista Debug|x64
		Vista Release|Any CPU = Vista Release|Any CPU
		Vista Release|Mixed Platforms = Vista Release|Mixed Platforms
		Vista Release|Win32 = Vista Release|Win32
		Vista Release|x64 = Vista Release|x64
		Win7 Debug|Any CPU = Win7 Debug|Any CPU
		Win7 Debug|Mixed Platforms = Win7 Debug|Mixed Platforms
		Win7 Debug|Win32 = Win7 Debug|Win32
		Win7 Debug|x64 = Win7 Debug|x64
		Win7 Release|Any CPU = Win7 Release|Any CPU
		Win7 Release|Mixed Platforms = Win7 Release|Mixed Platforms
		Win7 Release|Win32 = Win7 Release|Win32
		Win7 Release|x64 = Win7 Release|x64
		Win8 Debug|Any CPU = Win8 Debug|Any CPU
		Win8 Debug|Mixed Platforms = Win8 Debug|Mixed Platforms
		Win8 Debug|Win32 = Win8 Debug|Win32
		Win8 Debug|x64 = Win8 Debug|x64
		Win8 Release|Any CPU = Win8 Release|Any CPU
		Win8 Release|Mixed Platforms = Win8 Release|Mixed Platforms
		Win8 Release|Win32 = Win8 Release|Win32
		Win8 Release|x64 = Win8 Release|x64
		Win8.1 Debug|Any CPU = Win8.1 Debug|Any CPU
		Win8.1 Debug|Mixed Platforms = Win8.1 Debug|Mixed Platforms
		Win8.1 Debug|Win32 = Win8.1 Debug|Win32
		Win8.1 Debug|x64 = Win8.1 Debug|x64
		Win8.1 Release|Any CPU = Win8.1 Release|Any CPU
		Win8.1 Release|Mixed Platforms = Win8.1 Release|Mixed Platforms
		Win8.1 Release|Win32 = Win8.1 Release|Win32
		Win8.1 Release|x64 = Win8.1 Release|x64
	EndGlobalSection
	GlobalSection(ProjectConfigurationPlatforms) = postSolution
		{4D366E76-5436-45F1-8CC7-E4BBFFB324F5}.Debug|Any CPU.ActiveCfg = Win8 Debug|Win32
		{4D366E76-5436-45F1-8CC7-E4BBFFB324F5}.Debug|Mixed Platforms.ActiveCfg = Win8 Debug|Win32
		{4D366E76-5436-45F1-8CC7-E4BBFFB324F5}.Debug|Mixed Platforms.Build.0 = Win8 Debug|Win32
		{4D366E76-5436-45F1-8CC7-E4BBFFB324F5}.Debug|Mixed Platforms.Deploy.0 = Win8 Debug|Win32
		{4D366E76-5436-45F1-8CC7-E4BBFFB324F5}.Debug|Win32.ActiveCfg = Win7 Debug|Win32
		{4D366E76-5436-45F1-8CC7-E4BBFFB324F5}.Debug|Win32.Build.0 = Win7 Debug|Win32
		{4D366E76-5436-45F1-8CC7-E4BBFFB324F5}.Debug|Win32.Deploy.0 = Win7 Debug|Win32
		{4D366E76-5436-45F1-8CC7-E4BBFFB324F5}.Debug|x64.ActiveCfg = Win7 Debug|x64
		{4D366E76-5436-45F1-8CC7-E4BBFFB324F5}.Debug|x64.Build.0 = Win7 Debug|x64
		{4D366E76-5436-45F1-8CC7-E4BBFFB324F5}.Debug|x64.Deploy.0 = Win7 Debug|x64
		{4D366E76-5436-45F1-8CC7-E4BBFFB324F5}.Release|Any CPU.ActiveCfg = Win7 Release|Win32
		{4D366E76-5436-45F1-8CC7-E4BBFFB324F5}.Release|Mixed Platforms.ActiveCfg = Win7 Release|Win32
		{4D366E76-5436-45F1-8CC7-E4BBFFB324F5}.Release|Mixed Platforms.Build.0 = Win7 Release|Win32
		{4D366E76-5436-45F1-8CC7-E4BBFFB324F5}.Release|Mixed Platforms.Deploy.0 = Win7 Release|Win32
		{4D366E76-5436-45F1-8CC7-E4BBFFB324F5}.Release|Win32.ActiveCfg = Win8 Release|Win32
		{4D366E76-5436-45F1-8CC7-E4BBFFB324F5}.Release|Win32.Build.0 = Win8 Release|Win32
		{4D366E76-5436-45F1-8CC7-E4BBFFB324F5}.Release|Win32.Deploy.0 = Win8 Release|Win32
		{4D366E76-5436-45F1-8CC7-E4BBFFB324F5}.Release|x64.ActiveCfg = Win8 Release|x64
		{4D366E76-5436-45F1-8CC7-E4BBFFB324F5}.Release|x64.Build.0 = Win8 Release|x64
		{4D366E76-5436-45F1-8CC7-E4BBFFB324F5}.Release|x64.Deploy.0 = Win8 Release|x64
		{4D366E76-5436-45F1-8CC7-E4BBFFB324F5}.Vista Debug|Any CPU.ActiveCfg = Win8.1 Release|Win32
		{4D366E76-5436-45F1-8CC7-E4BBFFB324F5}.Vista Debug|Mixed Platforms.ActiveCfg = Win8.1 Release|Win32
		{4D366E76-5436-45F1-8CC7-E4BBFFB324F5}.Vista Debug|Mixed Platforms.Build.0 = Win8.1 Release|Win32
		{4D366E76-5436-45F1-8CC7-E4BBFFB324F5}.Vista Debug|Mixed Platforms.Deploy.0 = Win8.1 Release|Win32
		{4D366E76-5436-45F1-8CC7-E4BBFFB324F5}.Vista Debug|Win32.ActiveCfg = Win8.1 Release|Win32
		{4D366E76-5436-45F1-8CC7-E4BBFFB324F5}.Vista Debug|Win32.Build.0 = Win8.1 Release|Win32
		{4D366E76-5436-45F1-8CC7-E4BBFFB324F5}.Vista Debug|Win32.Deploy.0 = Win8.1 Release|Win32
		{4D366E76-5436-45F1-8CC7-E4BBFFB324F5}.Vista Debug|x64.ActiveCfg = Win8.1 Release|x64
		{4D366E76-5436-45F1-8CC7-E4BBFFB324F5}.Vista Debug|x64.Build.0 = Win8.1 Release|x64
		{4D366E76-5436-45F1-8CC7-E4BBFFB324F5}.Vista Debug|x64.Deploy.0 = Win8.1 Release|x64
		{4D366E76-5436-45F1-8CC7-E4BBFFB324F5}.Vista Release|Any CPU.ActiveCfg = Win8.1 Release|Win32
		{4D366E76-5436-45F1-8CC7-E4BBFFB324F5}.Vista Release|Mixed Platforms.ActiveCfg = Win8.1 Release|Win32
		{4D366E76-5436-45F1-8CC7-E4BBFFB324F5}.Vista Release|Mixed Platforms.Build.0 = Win8.1 Release|Win32
		{4D366E76-5436-45F1-8CC7-E4BBFFB324F5}.Vista Release|Mixed Platforms.Deploy.0 = Win8.1 Release|Win32
		{4D366E76-5436-45F1-8CC7-E4BBFFB324F5}.Vista Release|Win32.ActiveCfg = Win8.1 Release|Win32
		{4D366E76-5436-45F1-8CC7-E4BBFFB324F5}.Vista Release|Win32.Build.0 = Win8.1 Release|Win32
		{4D366E76-5436-45F1-8CC7-E4BBFFB324F5}.Vista Release|Win32.Deploy.0 = Win8.1 Release|Win32
		{4D366E76-5436-45F1-8CC7-E4BBFFB324F5}.Vista Release|x64.ActiveCfg = Win8.1 Release|x64
		{4D366E76-5436-45F1-8CC7-E4BBFFB324F5}.Vista Release|x64.Build.0 = Win8.1 Release|x64
		{4D366E76-5436-45F1-8CC7-E4BBFFB324F5}.Vista Release|x64.Deploy.0 = Win8.1 Release|x64
		{4D366E76-5436-45F1-8CC7-E4BBFFB324F5}.Win7 Debug|Any CPU.ActiveCfg = Win7 Debug|Win32
		{4D366E76-5436-45F1-8CC7-E4BBFFB324F5}.Win7 Debug|Mixed Platforms.ActiveCfg = Win7 Debug|Win32
		{4D366E76-5436-45F1-8CC7-E4BBFFB324F5}.Win7 Debug|Mixed Platforms.Build.0 = Win7 Debug|Win32
		{4D366E76-5436-45F1-8CC7-E4BBFFB324F5}.Win7 Debug|Mixed Platforms.Deploy.0 = Win7 Debug|Win32
		{4D366E76-5436-45F1-8CC7-E4BBFFB324F5}.Win7 Debug|Win32.ActiveCfg = Win7 Debug|Win32
		{4D366E76-5436-45F1-8CC7-E4BBFFB324F5}.Win7 Debug|Win32.Build.0 = Win7 Debug|Win32
		{4D366E76-5436-45F1-8CC7-E4BBFFB324F5}.Win7 Debug|Win32.Deploy.0 = Win7 Debug|Win32
		{4D366E76-5436-45F1-8CC7-E4BBFFB324F5}.Win7 Debug|x64.ActiveCfg = Win7 Debug|x64
		{4D366E76-5436-45F1-8CC7-E4BBFFB324F5}.Win7 Debug|x64.Build.0 = Win7 Debug|x64
		{4D366E76-5436-45F1-8CC7-E4BBFFB324F5}.Win7 Debug|x64.Deploy.0 = Win7 Debug|x64
		{4D366E76-5436-45F1-8CC7-E4BBFFB324F5}.Win7 Release|Any CPU.ActiveCfg = Win7 Release|Win32
		{4D366E76-5436-45F1-8CC7-E4BBFFB324F5}.Win7 Release|Mixed Platforms.ActiveCfg = Win7 Release|Win32
		{4D366E76-5436-45F1-8CC7-E4BBFFB324F5}.Win7 Release|Mixed Platforms.Build.0 = Win7 Release|Win32
		{4D366E76-5436-45F1-8CC7-E4BBFFB324F5}.Win7 Release|Mixed Platforms.Deploy.0 = Win7 Release|Win32
		{4D366E76-5436-45F1-8CC7-E4BBFFB324F5}.Win7 Release|Win32.ActiveCfg = Win7 Release|Win32
		{4D366E76-5436-45F1-8CC7-E4BBFFB324F5}.Win7 Release|Win32.Build.0 = Win7 Release|Win32
		{4D366E76-5436-45F1-8CC7-E4BBFFB324F5}.Win7 Release|Win32.Deploy.0 = Win7 Release|Win32
		{4D366E76-5436-45F1-8CC7-E4BBFFB324F5}.Win7 Release|x64.ActiveCfg = Win7 Release|x64
		{4D366E76-5436-45F1-8CC7-E4BBFFB324F5}.Win7 Release|x64.Build.0 = Win7 Release|x64
		{4D366E76-5436-45F1-8CC7-E4BBFFB324F5}.Win7 Release|x64.Deploy.0 = Win7 Release|x64
		{4D366E76-5436-45F1-8CC7-E4BBFFB324F5}.Win8 Debug|Any CPU.ActiveCfg = Win8 Debug|Win32
		{4D366E76-5436-45F1-8CC7-E4BBFFB324F5}.Win8 Debug|Mixed Platforms.ActiveCfg = Win8 Debug|Win32
		{4D366E76-5436-45F1-8CC7-E4BBFFB324F5}.Win8 Debug|Mixed Platforms.Build.0 = Win8 Debug|Win32
		{4D366E76-5436-45F1-8CC7-E4BBFFB324F5}.Win8 Debug|Mixed Platforms.Deploy.0 = Win8 Debug|Win32
		{4D366E76-5436-45F1-8CC7-E4BBFFB324F5}.Win8 Debug|Win32.ActiveCfg = Win8 Debug|Win32
		{4D366E76-5436-45F1-8CC7-E4BBFFB324F5}.Win8 Debug|Win32.Build.0 = Win8 Debug|Win32
		{4D366E76-5436-45F1-8CC7-E4BBFFB324F5}.Win8 Debug|Win32.Deploy.0 = Win8 Debug|Win32
		{4D366E76-5436-45F1-8CC7-E4BBFFB324F5}.Win8 Debug|x64.ActiveCfg = Win8 Debug|x64
		{4D366E76-5436-45F1-8CC7-E4BBFFB324F5}.Win8 Debug|x64.Build.0 = Win8 Debug|x64
		{4D366E76-5436-45F1-8CC7-E4BBFFB324F5}.Win8 Debug|x64.Deploy.0 = Win8 Debug|x64
		{4D366E76-5436-45F1-8CC7-E4BBFFB324F5}.Win8 Release|Any CPU.ActiveCfg = Win8 Release|Win32
		{4D366E76-5436-45F1-8CC7-E4BBFFB324F5}.Win8 Release|Mixed Platforms.ActiveCfg = Win8 Release|Win32
		{4D366E76-5436-45F1-8CC7-E4BBFFB324F5}.Win8 Release|Mixed Platforms.Build.0 = Win8 Release|Win32
		{4D366E76-5436-45F1-8CC7-E4BBFFB324F5}.Win8 Release|Mixed Platforms.Deploy.0 = Win8 Release|Win32
		{4D366E76-5436-45F1-8CC7-E4BBFFB324F5}.Win8 Release|Win32.ActiveCfg = Win8 Release|Win32
		{4D366E76-5436-45F1-8CC7-E4BBFFB324F5}.Win8 Release|Win32.Build.0 = Win8 Release|Win32
		{4D366E76-5436-45F1-8CC7-E4BBFFB324F5}.Win8 Release|Win32.Deploy.0 = Win8 Release|Win32
		{4D366E76-5436-45F1-8CC7-E4BBFFB324F5}.Win8 Release|x64.ActiveCfg = Win8 Release|x64
		{4D366E76-5436-45F1-8CC7-E4BBFFB324F5}.Win8 Release|x64.Build.0 = Win8 Release|x64
		{4D366E76-5436-45F1-8CC7-E4BBFFB324F5}.Win8 Release|x64.Deploy.0 = Win8 Release|x64
		{4D366E76-5436-45F1-8CC7-E4BBFFB324F5}.Win8.1 Debug|Any CPU.ActiveCfg = Win8.1 Debug|Win32
		{4D366E76-5436-45F1-8CC7-E4BBFFB324F5}.Win8.1 Debug|Mixed Platforms.ActiveCfg = Win8.1 Debug|Win32
		{4D366E76-5436-45F1-8CC7-E4BBFFB324F5}.Win8.1 Debug|Mixed Platforms.Build.0 = Win8.1 Debug|Win32
		{4D366E76-5436-45F1-8CC7-E4BBFFB324F5}.Win8.1 Debug|Win32.ActiveCfg = Win8.1 Debug|Win32
		{4D366E76-5436-45F1-8CC7-E4BBFFB324F5}.Win8.1 Debug|Win32.Build.0 = Win8.1 Debug|Win32
		{4D366E76-5436-45F1-8CC7-E4BBFFB324F5}.Win8.1 Debug|x64.ActiveCfg = Win8.1 Debug|x64
		{4D366E76-5436-45F1-8CC7-E4BBFFB324F5}.Win8.1 Debug|x64.Build.0 = Win8.1 Debug|x64
		{4D366E76-5436-45F1-8CC7-E4BBFFB324F5}.Win8.1 Debug|x64.Deploy.0 = Win8.1 Debug|x64
		{4D366E76-5436-45F1-8CC7-E4BBFFB324F5}.Win8.1 Release|Any CPU.ActiveCfg = Win8.1 Release|Win32
		{4D366E76-5436-45F1-8CC7-E4BBFFB324F5}.Win8.1 Release|Mixed Platforms.ActiveCfg = Win8.1 Release|Win32
		{4D366E76-5436-45F1-8CC7-E4BBFFB324F5}.Win8.1 Release|Mixed Platforms.Build.0 = Win8.1 Release|Win32
		{4D366E76-5436-45F1-8CC7-E4BBFFB324F5}.Win8.1 Release|Win32.ActiveCfg = Win8.1 Release|Win32
		{4D366E76-5436-45F1-8CC7-E4BBFFB324F5}.Win8.1 Release|Win32.Build.0 = Win8.1 Release|Win32
		{4D366E76-5436-45F1-8CC7-E4BBFFB324F5}.Win8.1 Release|x64.ActiveCfg = Win8.1 Release|x64
		{4D366E76-5436-45F1-8CC7-E4BBFFB324F5}.Win8.1 Release|x64.Build.0 = Win8.1 Release|x64
		{4D366E76-5436-45F1-8CC7-E4BBFFB324F5}.Win8.1 Release|x64.Deploy.0 = Win8.1 Release|x64
		{FD5DA158-7543-4FF7-A025-8301D86DF2F7}.Debug|Any CPU.ActiveCfg = Debug|Win32
		{FD5DA158-7543-4FF7-A025-8301D86DF2F7}.Debug|Mixed Platforms.ActiveCfg = Debug|Win32
		{FD5DA158-7543-4FF7-A025-8301D86DF2F7}.Debug|Mixed Platforms.Build.0 = Debug|Win32
		{FD5DA158-7543-4FF7-A025-8301D86DF2F7}.Debug|Mixed Platforms.Deploy.0 = Debug|Win32
		{FD5DA158-7543-4FF7-A025-8301D86DF2F7}.Debug|Win32.ActiveCfg = Debug|Win32
		{FD5DA158-7543-4FF7-A025-8301D86DF2F7}.Debug|Win32.Build.0 = Debug|Win32
		{FD5DA158-7543-4FF7-A025-8301D86DF2F7}.Debug|Win32.Deploy.0 = Debug|Win32
		{FD5DA158-7543-4FF7-A025-8301D86DF2F7}.Debug|x64.ActiveCfg = Debug|Win32
		{FD5DA158-7543-4FF7-A025-8301D86DF2F7}.Release|Any CPU.ActiveCfg = Release|Win32
		{FD5DA158-7543-4FF7-A025-8301D86DF2F7}.Release|Mixed Platforms.ActiveCfg = Release|Win32
		{FD5DA158-7543-4FF7-A025-8301D86DF2F7}.Release|Mixed Platforms.Build.0 = Release|Win32
		{FD5DA158-7543-4FF7-A025-8301D86DF2F7}.Release|Mixed Platforms.Deploy.0 = Release|Win32
		{FD5DA158-7543-4FF7-A025-8301D86DF2F7}.Release|Win32.ActiveCfg = Release|Win32
		{FD5DA158-7543-4FF7-A025-8301D86DF2F7}.Release|Win32.Build.0 = Release|Win32
		{FD5DA158-7543-4FF7-A025-8301D86DF2F7}.Release|Win32.Deploy.0 = Release|Win32
		{FD5DA158-7543-4FF7-A025-8301D86DF2F7}.Release|x64.ActiveCfg = Release|Win32
		{FD5DA158-7543-4FF7-A025-8301D86DF2F7}.Vista Debug|Any CPU.ActiveCfg = Debug|Win32
		{FD5DA158-7543-4FF7-A025-8301D86DF2F7}.Vista Debug|Mixed Platforms.ActiveCfg = Debug|Win32
		{FD5DA158-7543-4FF7-A025-8301D86DF2F7}.Vista Debug|Mixed Platforms.Build.0 = Debug|Win32
		{FD5DA158-7543-4FF7-A025-8301D86DF2F7}.Vista Debug|Mixed Platforms.Deploy.0 = Debug|Win32
		{FD5DA158-7543-4FF7-A025-8301D86DF2F7}.Vista Debug|Win32.ActiveCfg = Debug|Win32
		{FD5DA158-7543-4FF7-A025-8301D86DF2F7}.Vista Debug|Win32.Build.0 = Debug|Win32
		{FD5DA158-7543-4FF7-A025-8301D86DF2F7}.Vista Debug|Win32.Deploy.0 = Debug|Win32
		{FD5DA158-7543-4FF7-A025-8301D86DF2F7}.Vista Debug|x64.ActiveCfg = Debug|Win32
		{FD5DA158-7543-4FF7-A025-8301D86DF2F7}.Vista Release|Any CPU.ActiveCfg = Release|Win32
		{FD5DA158-7543-4FF7-A025-8301D86DF2F7}.Vista Release|Mixed Platforms.ActiveCfg = Release|Win32
		{FD5DA158-7543-4FF7-A025-8301D86DF2F7}.Vista Release|Mixed Platforms.Build.0 = Release|Win32
		{FD5DA158-7543-4FF7-A025-8301D86DF2F7}.Vista Release|Mixed Platforms.Deploy.0 = Release|Win32
		{FD5DA158-7543-4FF7-A025-8301D86DF2F7}.Vista Release|Win32.ActiveCfg = Release|Win32
		{FD5DA158-7543-4FF7-A025-8301D86DF2F7}.Vista Release|Win32.Build.0 = Release|Win32
		{FD5DA158-7543-4FF7-A025-8301D86DF2F7}.Vista Release|Win32.Deploy.0 = Release|Win32
		{FD5DA158-7543-4FF7-A025-8301D86DF2F7}.Vista Release|x64.ActiveCfg = Release|Win32
		{FD5DA158-7543-4FF7-A025-8301D86DF2F7}.Win7 Debug|Any CPU.ActiveCfg = Debug|Win32
		{FD5DA158-7543-4FF7-A025-8301D86DF2F7}.Win7 Debug|Mixed Platforms.ActiveCfg = Debug|Win32
		{FD5DA158-7543-4FF7-A025-8301D86DF2F7}.Win7 Debug|Mixed Platforms.Build.0 = Debug|Win32
		{FD5DA158-7543-4FF7-A025-8301D86DF2F7}.Win7 Debug|Mixed Platforms.Deploy.0 = Debug|Win32
		{FD5DA158-7543-4FF7-A025-8301D86DF2F7}.Win7 Debug|Win32.ActiveCfg = Debug|Win32
		{FD5DA158-7543-4FF7-A025-8301D86DF2F7}.Win7 Debug|Win32.Build.0 = Debug|Win32
		{FD5DA158-7543-4FF7-A025-8301D86DF2F7}.Win7 Debug|Win32.Deploy.0 = Debug|Win32
		{FD5DA158-7543-4FF7-A025-8301D86DF2F7}.Win7 Debug|x64.ActiveCfg = Debug|Win32
		{FD5DA158-7543-4FF7-A025-8301D86DF2F7}.Win7 Release|Any CPU.ActiveCfg = Release|Win32
		{FD5DA158-7543-4FF7-A025-8301D86DF2F7}.Win7 Release|Mixed Platforms.ActiveCfg = Release|Win32
		{FD5DA158-7543-4FF7-A025-8301D86DF2F7}.Win7 Release|Mixed Platforms.Build.0 = Release|Win32
		{FD5DA158-7543-4FF7-A025-8301D86DF2F7}.Win7 Release|Mixed Platforms.Deploy.0 = Release|Win32
		{FD5DA158-7543-4FF7-A025-8301D86DF2F7}.Win7 Release|Win32.ActiveCfg = Release|Win32
		{FD5DA158-7543-4FF7-A025-8301D86DF2F7}.Win7 Release|Win32.Build.0 = Release|Win32
		{FD5DA158-7543-4FF7-A025-8301D86DF2F7}.Win7 Release|Win32.Deploy.0 = Release|Win32
		{FD5DA158-7543-4FF7-A025-8301D86DF2F7}.Win7 Release|x64.ActiveCfg = Release|Win32
		{FD5DA158-7543-4FF7-A025-8301D86DF2F7}.Win8 Debug|Any CPU.ActiveCfg = Debug|Win32
		{FD5DA158-7543-4FF7-A025-8301D86DF2F7}.Win8 Debug|Mixed Platforms.ActiveCfg = Debug|Win32
		{FD5DA158-7543-4FF7-A025-8301D86DF2F7}.Win8 Debug|Mixed Platforms.Build.0 = Debug|Win32
		{FD5DA158-7543-4FF7-A025-8301D86DF2F7}.Win8 Debug|Mixed Platforms.Deploy.0 = Debug|Win32
		{FD5DA158-7543-4FF7-A025-8301D86DF2F7}.Win8 Debug|Win32.ActiveCfg = Debug|Win32
		{FD5DA158-7543-4FF7-A025-8301D86DF2F7}.Win8 Debug|Win32.Build.0 = Debug|Win32
		{FD5DA158-7543-4FF7-A025-8301D86DF2F7}.Win8 Debug|Win32.Deploy.0 = Debug|Win32
		{FD5DA158-7543-4FF7-A025-8301D86DF2F7}.Win8 Debug|x64.ActiveCfg = Debug|Win32
		{FD5DA158-7543-4FF7-A025-8301D86DF2F7}.Win8 Release|Any CPU.ActiveCfg = Release|Win32
		{FD5DA158-7543-4FF7-A025-8301D86DF2F7}.Win8 Release|Mixed Platforms.ActiveCfg = Release|Win32
		{FD5DA158-7543-4FF7-A025-8301D86DF2F7}.Win8 Release|Mixed Platforms.Build.0 = Release|Win32
		{FD5DA158-7543-4FF7-A025-8301D86DF2F7}.Win8 Release|Mixed Platforms.Deploy.0 = Release|Win32
		{FD5DA158-7543-4FF7-A025-8301D86DF2F7}.Win8 Release|Win32.ActiveCfg = Release|Win32
		{FD5DA158-7543-4FF7-A025-8301D86DF2F7}.Win8 Release|Win32.Build.0 = Release|Win32
		{FD5DA158-7543-4FF7-A025-8301D86DF2F7}.Win8 Release|Win32.Deploy.0 = Release|Win32
		{FD5DA158-7543-4FF7-A025-8301D86DF2F7}.Win8 Release|x64.ActiveCfg = Release|Win32
		{FD5DA158-7543-4FF7-A025-8301D86DF2F7}.Win8.1 Debug|Any CPU.ActiveCfg = Debug|Win32
		{FD5DA158-7543-4FF7-A025-8301D86DF2F7}.Win8.1 Debug|Mixed Platforms.ActiveCfg = Debug|Win32
		{FD5DA158-7543-4FF7-A025-8301D86DF2F7}.Win8.1 Debug|Mixed Platforms.Build.0 = Debug|Win32
		{FD5DA158-7543-4FF7-A025-8301D86DF2F7}.Win8.1 Debug|Win32.ActiveCfg = Debug|Win32
		{FD5DA158-7543-4FF7-A025-8301D86DF2F7}.Win8.1 Debug|Win32.Build.0 = Debug|Win32
		{FD5DA158-7543-4FF7-A025-8301D86DF2F7}.Win8.1 Debug|x64.ActiveCfg = Debug|Win32
		{FD5DA158-7543-4FF7-A025-8301D86DF2F7}.Win8.1 Release|Any CPU.ActiveCfg = Release|Win32
		{FD5DA158-7543-4FF7-A025-8301D86DF2F7}.Win8.1 Release|Mixed Platforms.ActiveCfg = Release|Win32
		{FD5DA158-7543-4FF7-A025-8301D86DF2F7}.Win8.1 Release|Mixed Platforms.Build.0 = Release|Win32
		{FD5DA158-7543-4FF7-A025-8301D86DF2F7}.Win8.1 Release|Win32.ActiveCfg = Release|Win32
		{FD5DA158-7543-4FF7-A025-8301D86DF2F7}.Win8.1 Release|Win32.Build.0 = Release|Win32
		{FD5DA158-7543-4FF7-A025-8301D86DF2F7}.Win8.1 Release|x64.ActiveCfg = Release|Win32
		{09A0BD19-EEC2-4DC6-8A36-6ADB3D84A0F7}.Debug|Any CPU.ActiveCfg = Debug|Win32
		{09A0BD19-EEC2-4DC6-8A36-6ADB3D84A0F7}.Debug|Mixed Platforms.ActiveCfg = Debug|Win32
		{09A0BD19-EEC2-4DC6-8A36-6ADB3D84A0F7}.Debug|Mixed Platforms.Build.0 = Debug|Win32
		{09A0BD19-EEC2-4DC6-8A36-6ADB3D84A0F7}.Debug|Mixed Platforms.Deploy.0 = Debug|Win32
		{09A0BD19-EEC2-4DC6-8A36-6ADB3D84A0F7}.Debug|Win32.ActiveCfg = Debug|Win32
		{09A0BD19-EEC2-4DC6-8A36-6ADB3D84A0F7}.Debug|Win32.Build.0 = Debug|Win32
		{09A0BD19-EEC2-4DC6-8A36-6ADB3D84A0F7}.Debug|Win32.Deploy.0 = Debug|Win32
		{09A0BD19-EEC2-4DC6-8A36-6ADB3D84A0F7}.Debug|x64.ActiveCfg = Debug|Win32
		{09A0BD19-EEC2-4DC6-8A36-6ADB3D84A0F7}.Release|Any CPU.ActiveCfg = Release|Win32
		{09A0BD19-EEC2-4DC6-8A36-6ADB3D84A0F7}.Release|Mixed Platforms.ActiveCfg = Release|Win32
		{09A0BD19-EEC2-4DC6-8A36-6ADB3D84A0F7}.Release|Mixed Platforms.Build.0 = Release|Win32
		{09A0BD19-EEC2-4DC6-8A36-6ADB3D84A0F7}.Release|Mixed Platforms.Deploy.0 = Release|Win32
		{09A0BD19-EEC2-4DC6-8A36-6ADB3D84A0F7}.Release|Win32.ActiveCfg = Release|Win32
		{09A0BD19-EEC2-4DC6-8A36-6ADB3D84A0F7}.Release|Win32.Build.0 = Release|Win32
		{09A0BD19-EEC2-4DC6-8A36-6ADB3D84A0F7}.Release|Win32.Deploy.0 = Release|Win32
		{09A0BD19-EEC2-4DC6-8A36-6ADB3D84A0F7}.Release|x64.ActiveCfg = Release|Win32
		{09A0BD19-EEC2-4DC6-8A36-6ADB3D84A0F7}.Vista Debug|Any CPU.ActiveCfg = Debug|Win32
		{09A0BD19-EEC2-4DC6-8A36-6ADB3D84A0F7}.Vista Debug|Mixed Platforms.ActiveCfg = Debug|Win32
		{09A0BD19-EEC2-4DC6-8A36-6ADB3D84A0F7}.Vista Debug|Mixed Platforms.Build.0 = Debug|Win32
		{09A0BD19-EEC2-4DC6-8A36-6ADB3D84A0F7}.Vista Debug|Mixed Platforms.Deploy.0 = Debug|Win32
		{09A0BD19-EEC2-4DC6-8A36-6ADB3D84A0F7}.Vista Debug|Win32.ActiveCfg = Debug|Win32
		{09A0BD19-EEC2-4DC6-8A36-6ADB3D84A0F7}.Vista Debug|Win32.Build.0 = Debug|Win32
		{09A0BD19-EEC2-4DC6-8A36-6ADB3D84A0F7}.Vista Debug|Win32.Deploy.0 = Debug|Win32
		{09A0BD19-EEC2-4DC6-8A36-6ADB3D84A0F7}.Vista Debug|x64.ActiveCfg = Debug|Win32
		{09A0BD19-EEC2-4DC6-8A36-6ADB3D84A0F7}.Vista Release|Any CPU.ActiveCfg = Release|Win32
		{09A0BD19-EEC2-4DC6-8A36-6ADB3D84A0F7}.Vista Release|Mixed Platforms.ActiveCfg = Release|Win32
		{09A0BD19-EEC2-4DC6-8A36-6ADB3D84A0F7}.Vista Release|Mixed Platforms.Build.0 = Release|Win32
		{09A0BD19-EEC2-4DC6-8A36-6ADB3D84A0F7}.Vista Release|Mixed Platforms.Deploy.0 = Release|Win32
		{09A0BD19-EEC2-4DC6-8A36-6ADB3D84A0F7}.Vista Release|Win32.ActiveCfg = Release|Win32
		{09A0BD19-EEC2-4DC6-8A36-6ADB3D84A0F7}.Vista Release|Win32.Build.0 = Release|Win32
		{09A0BD19-EEC2-4DC6-8A36-6ADB3D84A0F7}.Vista Release|Win32.Deploy.0 = Release|Win32
		{09A0BD19-EEC2-4DC6-8A36-6ADB3D84A0F7}.Vista Release|x64.ActiveCfg = Release|Win32
		{09A0BD19-EEC2-4DC6-8A36-6ADB3D84A0F7}.Win7 Debug|Any CPU.ActiveCfg = Debug|Win32
		{09A0BD19-EEC2-4DC6-8A36-6ADB3D84A0F7}.Win7 Debug|Mixed Platforms.ActiveCfg = Debug|Win32
		{09A0BD19-EEC2-4DC6-8A36-6ADB3D84A0F7}.Win7 Debug|Mixed Platforms.Build.0 = Debug|Win32
		{09A0BD19-EEC2-4DC6-8A36-6ADB3D84A0F7}.Win7 Debug|Mixed Platforms.Deploy.0 = Debug|Win32
		{09A0BD19-EEC2-4DC6-8A36-6ADB3D84A0F7}.Win7 Debug|Win32.ActiveCfg = Debug|Win32
		{09A0BD19-EEC2-4DC6-8A36-6ADB3D84A0F7}.Win7 Debug|Win32.Build.0 = Debug|Win32
		{09A0BD19-EEC2-4DC6-8A36-6ADB3D84A0F7}.Win7 Debug|Win32.Deploy.0 = Debug|Win32
		{09A0BD19-EEC2-4DC6-8A36-6ADB3D84A0F7}.Win7 Debug|x64.ActiveCfg = Debug|Win32
		{09A0BD19-EEC2-4DC6-8A36-6ADB3D84A0F7}.Win7 Release|Any CPU.ActiveCfg = Release|Win32
		{09A0BD19-EEC2-4DC6-8A36-6ADB3D84A0F7}.Win7 Release|Mixed Platforms.ActiveCfg = Release|Win32
		{09A0BD19-EEC2-4DC6-8A36-6ADB3D84A0F7}.Win7 Release|Mixed Platforms.Build.0 = Release|Win32
		{09A0BD19-EEC2-4DC6-8A36-6ADB3D84A0F7}.Win7 Release|Mixed Platforms.Deploy.0 = Release|Win32
		{09A0BD19-EEC2-4DC6-8A36-6ADB3D84A0F7}.Win7 Release|Win32.ActiveCfg = Release|Win32
		{09A0BD19-EEC2-4DC6-8A36-6ADB3D84A0F7}.Win7 Release|Win32.Build.0 = Release|Win32
		{09A0BD19-EEC2-4DC6-8A36-6ADB3D84A0F7}.Win7 Release|Win32.Deploy.0 = Release|Win32
		{09A0BD19-EEC2-4DC6-8A36-6ADB3D84A0F7}.Win7 Release|x64.ActiveCfg = Release|Win32
		{09A0BD19-EEC2-4DC6-8A36-6ADB3D84A0F7}.Win8 Debug|Any CPU.ActiveCfg = Debug|Win32
		{09A0BD19-EEC2-4DC6-8A36-6ADB3D84A0F7}.Win8 Debug|Mixed Platforms.ActiveCfg = Debug|Win32
		{09A0BD19-EEC2-4DC6-8A36-6ADB3D84A0F7}.Win8 Debug|Mixed Platforms.Build.0 = Debug|Win32
		{09A0BD19-EEC2-4DC6-8A36-6ADB3D84A0F7}.Win8 Debug|Mixed Platforms.Deploy.0 = Debug|Win32
		{09A0BD19-EEC2-4DC6-8A36-6ADB3D84A0F7}.Win8 Debug|Win32.ActiveCfg = Debug|Win32
		{09A0BD19-EEC2-4DC6-8A36-6ADB3D84A0F7}.Win8 Debug|Win32.Build.0 = Debug|Win32
		{09A0BD19-EEC2-4DC6-8A36-6ADB3D84A0F7}.Win8 Debug|Win32.Deploy.0 = Debug|Win32
		{09A0BD19-EEC2-4DC6-8A36-6ADB3D84A0F7}.Win8 Debug|x64.ActiveCfg = Debug|Win32
		{09A0BD19-EEC2-4DC6-8A36-6ADB3D84A0F7}.Win8 Release|Any CPU.ActiveCfg = Release|Win32
		{09A0BD19-EEC2-4DC6-8A36-6ADB3D84A0F7}.Win8 Release|Mixed Platforms.ActiveCfg = Release|Win32
		{09A0BD19-EEC2-4DC6-8A36-6ADB3D84A0F7}.Win8 Release|Mixed Platforms.Build.0 = Release|Win32
		{09A0BD19-EEC2-4DC6-8A36-6ADB3D84A0F7}.Win8 Release|Mixed Platforms.Deploy.0 = Release|Win32
		{09A0BD19-EEC2-4DC6-8A36-6ADB3D84A0F7}.Win8 Release|Win32.ActiveCfg = Release|Win32
		{09A0BD19-EEC2-4DC6-8A36-6ADB3D84A0F7}.Win8 Release|Win32.Build.0 = Release|Win32
		{09A0BD19-EEC2-4DC6-8A36-6ADB3D84A0F7}.Win8 Release|Win32.Deploy.0 = Release|Win32
		{09A0BD19-EEC2-4DC6-8A36-6ADB3D84A0F7}.Win8 Release|x64.ActiveCfg = Release|Win32
		{09A0BD19-EEC2-4DC6-8A36-6ADB3D84A0F7}.Win8.1 Debug|Any CPU.ActiveCfg = Debug|Win32
		{09A0BD19-EEC2-4DC6-8A36-6ADB3D84A0F7}.Win8.1 Debug|Mixed Platforms.ActiveCfg = Debug|Win32
		{09A0BD19-EEC2-4DC6-8A36-6ADB3D84A0F7}.Win8.1 Debug|Mixed Platforms.Build.0 = Debug|Win32
		{09A0BD19-EEC2-4DC6-8A36-6ADB3D84A0F7}.Win8.1 Debug|Win32.ActiveCfg = Debug|Win32
		{09A0BD19-EEC2-4DC6-8A36-6ADB3D84A0F7}.Win8.1 Debug|Win32.Build.0 = Debug|Win32
		{09A0BD19-EEC2-4DC6-8A36-6ADB3D84A0F7}.Win8.1 Debug|x64.ActiveCfg = Debug|Win32
		{09A0BD19-EEC2-4DC6-8A36-6ADB3D84A0F7}.Win8.1 Release|Any CPU.ActiveCfg = Release|Win32
		{09A0BD19-EEC2-4DC6-8A36-6ADB3D84A0F7}.Win8.1 Release|Mixed Platforms.ActiveCfg = Release|Win32
		{09A0BD19-EEC2-4DC6-8A36-6ADB3D84A0F7}.Win8.1 Release|Mixed Platforms.Build.0 = Release|Win32
		{09A0BD19-EEC2-4DC6-8A36-6ADB3D84A0F7}.Win8.1 Release|Win32.ActiveCfg = Release|Win32
		{09A0BD19-EEC2-4DC6-8A36-6ADB3D84A0F7}.Win8.1 Release|Win32.Build.0 = Release|Win32
		{09A0BD19-EEC2-4DC6-8A36-6ADB3D84A0F7}.Win8.1 Release|x64.ActiveCfg = Release|Win32
		{8C0F50BD-BE3E-4FF8-86F9-3A76DC99C1A8}.Debug|Any CPU.ActiveCfg = Debug|Win32
		{8C0F50BD-BE3E-4FF8-86F9-3A76DC99C1A8}.Debug|Mixed Platforms.ActiveCfg = Debug|Win32
		{8C0F50BD-BE3E-4FF8-86F9-3A76DC99C1A8}.Debug|Mixed Platforms.Build.0 = Debug|Win32
		{8C0F50BD-BE3E-4FF8-86F9-3A76DC99C1A8}.Debug|Mixed Platforms.Deploy.0 = Debug|Win32
		{8C0F50BD-BE3E-4FF8-86F9-3A76DC99C1A8}.Debug|Win32.ActiveCfg = Debug|Win32
		{8C0F50BD-BE3E-4FF8-86F9-3A76DC99C1A8}.Debug|Win32.Build.0 = Debug|Win32
		{8C0F50BD-BE3E-4FF8-86F9-3A76DC99C1A8}.Debug|Win32.Deploy.0 = Debug|Win32
		{8C0F50BD-BE3E-4FF8-86F9-3A76DC99C1A8}.Debug|x64.ActiveCfg = Debug|Win32
		{8C0F50BD-BE3E-4FF8-86F9-3A76DC99C1A8}.Release|Any CPU.ActiveCfg = Release|Win32
		{8C0F50BD-BE3E-4FF8-86F9-3A76DC99C1A8}.Release|Mixed Platforms.ActiveCfg = Release|Win32
		{8C0F50BD-BE3E-4FF8-86F9-3A76DC99C1A8}.Release|Mixed Platforms.Build.0 = Release|Win32
		{8C0F50BD-BE3E-4FF8-86F9-3A76DC99C1A8}.Release|Mixed Platforms.Deploy.0 = Release|Win32
		{8C0F50BD-BE3E-4FF8-86F9-3A76DC99C1A8}.Release|Win32.ActiveCfg = Release|Win32
		{8C0F50BD-BE3E-4FF8-86F9-3A76DC99C1A8}.Release|Win32.Build.0 = Release|Win32
		{8C0F50BD-BE3E-4FF8-86F9-3A76DC99C1A8}.Release|Win32.Deploy.0 = Release|Win32
		{8C0F50BD-BE3E-4FF8-86F9-3A76DC99C1A8}.Release|x64.ActiveCfg = Release|Win32
		{8C0F50BD-BE3E-4FF8-86F9-3A76DC99C1A8}.Vista Debug|Any CPU.ActiveCfg = Debug|Win32
		{8C0F50BD-BE3E-4FF8-86F9-3A76DC99C1A8}.Vista Debug|Mixed Platforms.ActiveCfg = Debug|Win32
		{8C0F50BD-BE3E-4FF8-86F9-3A76DC99C1A8}.Vista Debug|Mixed Platforms.Build.0 = Debug|Win32
		{8C0F50BD-BE3E-4FF8-86F9-3A76DC99C1A8}.Vista Debug|Mixed Platforms.Deploy.0 = Debug|Win32
		{8C0F50BD-BE3E-4FF8-86F9-3A76DC99C1A8}.Vista Debug|Win32.ActiveCfg = Debug|Win32
		{8C0F50BD-BE3E-4FF8-86F9-3A76DC99C1A8}.Vista Debug|Win32.Build.0 = Debug|Win32
		{8C0F50BD-BE3E-4FF8-86F9-3A76DC99C1A8}.Vista Debug|Win32.Deploy.0 = Debug|Win32
		{8C0F50BD-BE3E-4FF8-86F9-3A76DC99C1A8}.Vista Debug|x64.ActiveCfg = Debug|Win32
		{8C0F50BD-BE3E-4FF8-86F9-3A76DC99C1A8}.Vista Release|Any CPU.ActiveCfg = Release|Win32
		{8C0F50BD-BE3E-4FF8-86F9-3A76DC99C1A8}.Vista Release|Mixed Platforms.ActiveCfg = Release|Win32
		{8C0F50BD-BE3E-4FF8-86F9-3A76DC99C1A8}.Vista Release|Mixed Platforms.Build.0 = Release|Win32
		{8C0F50BD-BE3E-4FF8-86F9-3A76DC99C1A8}.Vista Release|Mixed Platforms.Deploy.0 = Release|Win32
		{8C0F50BD-BE3E-4FF8-86F9-3A76DC99C1A8}.Vista Release|Win32.ActiveCfg = Release|Win32
		{8C0F50BD-BE3E-4FF8-86F9-3A76DC99C1A8}.Vista Release|Win32.Build.0 = Release|Win32
		{8C0F50BD-BE3E-4FF8-86F9-3A76DC99C1A8}.Vista Release|Win32.Deploy.0 = Release|Win32
		{8C0F50BD-BE3E-4FF8-86F9-3A76DC99C1A8}.Vista Release|x64.ActiveCfg = Release|Win32
		{8C0F50BD-BE3E-4FF8-86F9-3A76DC99C1A8}.Win7 Debug|Any CPU.ActiveCfg = Debug|Win32
		{8C0F50BD-BE3E-4FF8-86F9-3A76DC99C1A8}.Win7 Debug|Mixed Platforms.ActiveCfg = Debug|Win32
		{8C0F50BD-BE3E-4FF8-86F9-3A76DC99C1A8}.Win7 Debug|Mixed Platforms.Build.0 = Debug|Win32
		{8C0F50BD-BE3E-4FF8-86F9-3A76DC99C1A8}.Win7 Debug|Mixed Platforms.Deploy.0 = Debug|Win32
		{8C0F50BD-BE3E-4FF8-86F9-3A76DC99C1A8}.Win7 Debug|Win32.ActiveCfg = Debug|Win32
		{8C0F50BD-BE3E-4FF8-86F9-3A76DC99C1A8}.Win7 Debug|Win32.Build.0 = Debug|Win32
		{8C0F50BD-BE3E-4FF8-86F9-3A76DC99C1A8}.Win7 Debug|Win32.Deploy.0 = Debug|Win32
		{8C0F50BD-BE3E-4FF8-86F9-3A76DC99C1A8}.Win7 Debug|x64.ActiveCfg = Debug|Win32
		{8C0F50BD-BE3E-4FF8-86F9-3A76DC99C1A8}.Win7 Release|Any CPU.ActiveCfg = Release|Win32
		{8C0F50BD-BE3E-4FF8-86F9-3A76DC99C1A8}.Win7 Release|Mixed Platforms.ActiveCfg = Release|Win32
		{8C0F50BD-BE3E-4FF8-86F9-3A76DC99C1A8}.Win7 Release|Mixed Platforms.Build.0 = Release|Win32
		{8C0F50BD-BE3E-4FF8-86F9-3A76DC99C1A8}.Win7 Release|Mixed Platforms.Deploy.0 = Release|Win32
		{8C0F50BD-BE3E-4FF8-86F9-3A76DC99C1A8}.Win7 Release|Win32.ActiveCfg = Release|Win32
		{8C0F50BD-BE3E-4FF8-86F9-3A76DC99C1A8}.Win7 Release|Win32.Build.0 = Release|Win32
		{8C0F50BD-BE3E-4FF8-86F9-3A76DC99C1A8}.Win7 Release|Win32.Deploy.0 = Release|Win32
		{8C0F50BD-BE3E-4FF8-86F9-3A76DC99C1A8}.Win7 Release|x64.ActiveCfg = Release|Win32
		{8C0F50BD-BE3E-4FF8-86F9-3A76DC99C1A8}.Win8 Debug|Any CPU.ActiveCfg = Debug|Win32
		{8C0F50BD-BE3E-4FF8-86F9-3A76DC99C1A8}.Win8 Debug|Mixed Platforms.ActiveCfg = Debug|Win32
		{8C0F50BD-BE3E-4FF8-86F9-3A76DC99C1A8}.Win8 Debug|Mixed Platforms.Build.0 = Debug|Win32
		{8C0F50BD-BE3E-4FF8-86F9-3A76DC99C1A8}.Win8 Debug|Mixed Platforms.Deploy.0 = Debug|Win32
		{8C0F50BD-BE3E-4FF8-86F9-3A76DC99C1A8}.Win8 Debug|Win32.ActiveCfg = Debug|Win32
		{8C0F50BD-BE3E-4FF8-86F9-3A76DC99C1A8}.Win8 Debug|Win32.Build.0 = Debug|Win32
		{8C0F50BD-BE3E-4FF8-86F9-3A76DC99C1A8}.Win8 Debug|Win32.Deploy.0 = Debug|Win32
		{8C0F50BD-BE3E-4FF8-86F9-3A76DC99C1A8}.Win8 Debug|x64.ActiveCfg = Debug|Win32
		{8C0F50BD-BE3E-4FF8-86F9-3A76DC99C1A8}.Win8 Release|Any CPU.ActiveCfg = Release|Win32
		{8C0F50BD-BE3E-4FF8-86F9-3A76DC99C1A8}.Win8 Release|Mixed Platforms.ActiveCfg = Release|Win32
		{8C0F50BD-BE3E-4FF8-86F9-3A76DC99C1A8}.Win8 Release|Mixed Platforms.Build.0 = Release|Win32
		{8C0F50BD-BE3E-4FF8-86F9-3A76DC99C1A8}.Win8 Release|Mixed Platforms.Deploy.0 = Release|Win32
		{8C0F50BD-BE3E-4FF8-86F9-3A76DC99C1A8}.Win8 Release|Win32.ActiveCfg = Release|Win32
		{8C0F50BD-BE3E-4FF8-86F9-3A76DC99C1A8}.Win8 Release|Win32.Build.0 = Release|Win32
		{8C0F50BD-BE3E-4FF8-86F9-3A76DC99C1A8}.Win8 Release|Win32.Deploy.0 = Release|Win32
		{8C0F50BD-BE3E-4FF8-86F9-3A76DC99C1A8}.Win8 Release|x64.ActiveCfg = Release|Win32
		{8C0F50BD-BE3E-4FF8-86F9-3A76DC99C1A8}.Win8.1 Debug|Any CPU.ActiveCfg = Debug|Win32
		{8C0F50BD-BE3E-4FF8-86F9-3A76DC99C1A8}.Win8.1 Debug|Mixed Platforms.ActiveCfg = Debug|Win32
		{8C0F50BD-BE3E-4FF8-86F9-3A76DC99C1A8}.Win8.1 Debug|Mixed Platforms.Build.0 = Debug|Win32
		{8C0F50BD-BE3E-4FF8-86F9-3A76DC99C1A8}.Win8.1 Debug|Win32.ActiveCfg = Debug|Win32
		{8C0F50BD-BE3E-4FF8-86F9-3A76DC99C1A8}.Win8.1 Debug|Win32.Build.0 = Debug|Win32
		{8C0F50BD-BE3E-4FF8-86F9-3A76DC99C1A8}.Win8.1 Debug|x64.ActiveCfg = Debug|Win32
		{8C0F50BD-BE3E-4FF8-86F9-3A76DC99C1A8}.Win8.1 Release|Any CPU.ActiveCfg = Release|Win32
		{8C0F50BD-BE3E-4FF8-86F9-3A76DC99C1A8}.Win8.1 Release|Mixed Platforms.ActiveCfg = Release|Win32
		{8C0F50BD-BE3E-4FF8-86F9-3A76DC99C1A8}.Win8.1 Release|Mixed Platforms.Build.0 = Release|Win32
		{8C0F50BD-BE3E-4FF8-86F9-3A76DC99C1A8}.Win8.1 Release|Win32.ActiveCfg = Release|Win32
		{8C0F50BD-BE3E-4FF8-86F9-3A76DC99C1A8}.Win8.1 Release|Win32.Build.0 = Release|Win32
		{8C0F50BD-BE3E-4FF8-86F9-3A76DC99C1A8}.Win8.1 Release|x64.ActiveCfg = Release|Win32
		{C0F40953-E132-494E-A064-286DE7497E33}.Debug|Any CPU.ActiveCfg = Debug|Win32
		{C0F40953-E132-494E-A064-286DE7497E33}.Debug|Mixed Platforms.ActiveCfg = Debug|Win32
		{C0F40953-E132-494E-A064-286DE7497E33}.Debug|Mixed Platforms.Build.0 = Debug|Win32
		{C0F40953-E132-494E-A064-286DE7497E33}.Debug|Mixed Platforms.Deploy.0 = Debug|Win32
		{C0F40953-E132-494E-A064-286DE7497E33}.Debug|Win32.ActiveCfg = Debug|Win32
		{C0F40953-E132-494E-A064-286DE7497E33}.Debug|Win32.Build.0 = Debug|Win32
		{C0F40953-E132-494E-A064-286DE7497E33}.Debug|Win32.Deploy.0 = Debug|Win32
		{C0F40953-E132-494E-A064-286DE7497E33}.Debug|x64.ActiveCfg = Debug|Win32
		{C0F40953-E132-494E-A064-286DE7497E33}.Release|Any CPU.ActiveCfg = Release|Win32
		{C0F40953-E132-494E-A064-286DE7497E33}.Release|Mixed Platforms.ActiveCfg = Release|Win32
		{C0F40953-E132-494E-A064-286DE7497E33}.Release|Mixed Platforms.Build.0 = Release|Win32
		{C0F40953-E132-494E-A064-286DE7497E33}.Release|Mixed Platforms.Deploy.0 = Release|Win32
		{C0F40953-E132-494E-A064-286DE7497E33}.Release|Win32.ActiveCfg = Release|Win32
		{C0F40953-E132-494E-A064-286DE7497E33}.Release|Win32.Build.0 = Release|Win32
		{C0F40953-E132-494E-A064-286DE7497E33}.Release|Win32.Deploy.0 = Release|Win32
		{C0F40953-E132-494E-A064-286DE7497E33}.Release|x64.ActiveCfg = Release|Win32
		{C0F40953-E132-494E-A064-286DE7497E33}.Vista Debug|Any CPU.ActiveCfg = Debug|Win32
		{C0F40953-E132-494E-A064-286DE7497E33}.Vista Debug|Mixed Platforms.ActiveCfg = Debug|Win32
		{C0F40953-E132-494E-A064-286DE7497E33}.Vista Debug|Mixed Platforms.Build.0 = Debug|Win32
		{C0F40953-E132-494E-A064-286DE7497E33}.Vista Debug|Mixed Platforms.Deploy.0 = Debug|Win32
		{C0F40953-E132-494E-A064-286DE7497E33}.Vista Debug|Win32.ActiveCfg = Debug|Win32
		{C0F40953-E132-494E-A064-286DE7497E33}.Vista Debug|Win32.Build.0 = Debug|Win32
		{C0F40953-E132-494E-A064-286DE7497E33}.Vista Debug|Win32.Deploy.0 = Debug|Win32
		{C0F40953-E132-494E-A064-286DE7497E33}.Vista Debug|x64.ActiveCfg = Debug|Win32
		{C0F40953-E132-494E-A064-286DE7497E33}.Vista Release|Any CPU.ActiveCfg = Release|Win32
		{C0F40953-E132-494E-A064-286DE7497E33}.Vista Release|Mixed Platforms.ActiveCfg = Release|Win32
		{C0F40953-E132-494E-A064-286DE7497E33}.Vista Release|Mixed Platforms.Build.0 = Release|Win32
		{C0F40953-E132-494E-A064-286DE7497E33}.Vista Release|Mixed Platforms.Deploy.0 = Release|Win32
		{C0F40953-E132-494E-A064-286DE7497E33}.Vista Release|Win32.ActiveCfg = Release|Win32
		{C0F40953-E132-494E-A064-286DE7497E33}.Vista Release|Win32.Build.0 = Release|Win32
		{C0F40953-E132-494E-A064-286DE7497E33}.Vista Release|Win32.Deploy.0 = Release|Win32
		{C0F40953-E132-494E-A064-286DE7497E33}.Vista Release|x64.ActiveCfg = Release|Win32
		{C0F40953-E132-494E-A064-286DE7497E33}.Win7 Debug|Any CPU.ActiveCfg = Debug|Win32
		{C0F40953-E132-494E-A064-286DE7497E33}.Win7 Debug|Mixed Platforms.ActiveCfg = Debug|Win32
		{C0F40953-E132-494E-A064-286DE7497E33}.Win7 Debug|Mixed Platforms.Build.0 = Debug|Win32
		{C0F40953-E132-494E-A064-286DE7497E33}.Win7 Debug|Mixed Platforms.Deploy.0 = Debug|Win32
		{C0F40953-E132-494E-A064-286DE7497E33}.Win7 Debug|Win32.ActiveCfg = Debug|Win32
		{C0F40953-E132-494E-A064-286DE7497E33}.Win7 Debug|Win32.Build.0 = Debug|Win32
		{C0F40953-E132-494E-A064-286DE7497E33}.Win7 Debug|Win32.Deploy.0 = Debug|Win32
		{C0F40953-E132-494E-A064-286DE7497E33}.Win7 Debug|x64.ActiveCfg = Debug|Win32
		{C0F40953-E132-494E-A064-286DE7497E33}.Win7 Release|Any CPU.ActiveCfg = Release|Win32
		{C0F40953-E132-494E-A064-286DE7497E33}.Win7 Release|Mixed Platforms.ActiveCfg = Release|Win32
		{C0F40953-E132-494E-A064-286DE7497E33}.Win7 Release|Mixed Platforms.Build.0 = Release|Win32
		{C0F40953-E132-494E-A064-286DE7497E33}.Win7 Release|Mixed Platforms.Deploy.0 = Release|Win32
		{C0F40953-E132-494E-A064-286DE7497E33}.Win7 Release|Win32.ActiveCfg = Release|Win32
		{C0F40953-E132-494E-A064-286DE7497E33}.Win7 Release|Win32.Build.0 = Release|Win32
		{C0F40953-E132-494E-A064-286DE7497E33}.Win7 Release|Win32.Deploy.0 = Release|Win32
		{C0F40953-E132-494E-A064-286DE7497E33}.Win7 Release|x64.ActiveCfg = Release|Win32
		{C0F40953-E132-494E-A064-286DE7497E33}.Win8 Debug|Any CPU.ActiveCfg = Debug|Win32
		{C0F40953-E132-494E-A064-286DE7497E33}.Win8 Debug|Mixed Platforms.ActiveCfg = Debug|Win32
		{C0F40953-E132-494E-A064-286DE7497E33}.Win8 Debug|Mixed Platforms.Build.0 = Debug|Win32
		{C0F40953-E132-494E-A064-286DE7497E33}.Win8 Debug|Mixed Platforms.Deploy.0 = Debug|Win32
		{C0F40953-E132-494E-A064-286DE7497E33}.Win8 Debug|Win32.ActiveCfg = Debug|Win32
		{C0F40953-E132-494E-A064-286DE7497E33}.Win8 Debug|Win32.Build.0 = Debug|Win32
		{C0F40953-E132-494E-A064-286DE7497E33}.Win8 Debug|Win32.Deploy.0 = Debug|Win32
		{C0F40953-E132-494E-A064-286DE7497E33}.Win8 Debug|x64.ActiveCfg = Debug|Win32
		{C0F40953-E132-494E-A064-286DE7497E33}.Win8 Release|Any CPU.ActiveCfg = Release|Win32
		{C0F40953-E132-494E-A064-286DE7497E33}.Win8 Release|Mixed Platforms.ActiveCfg = Release|Win32
		{C0F40953-E132-494E-A064-286DE7497E33}.Win8 Release|Mixed Platforms.Build.0 = Release|Win32
		{C0F40953-E132-494E-A064-286DE7497E33}.Win8 Release|Mixed Platforms.Deploy.0 = Release|Win32
		{C0F40953-E132-494E-A064-286DE7497E33}.Win8 Release|Win32.ActiveCfg = Release|Win32
		{C0F40953-E132-494E-A064-286DE7497E33}.Win8 Release|Win32.Build.0 = Release|Win32
		{C0F40953-E132-494E-A064-286DE7497E33}.Win8 Release|Win32.Deploy.0 = Release|Win32
		{C0F40953-E132-494E-A064-286DE7497E33}.Win8 Release|x64.ActiveCfg = Release|Win32
		{C0F40953-E132-494E-A064-286DE7497E33}.Win8.1 Debug|Any CPU.ActiveCfg = Debug|Win32
		{C0F40953-E132-494E-A064-286DE7497E33}.Win8.1 Debug|Mixed Platforms.ActiveCfg = Debug|Win32
		{C0F40953-E132-494E-A064-286DE7497E33}.Win8.1 Debug|Mixed Platforms.Build.0 = Debug|Win32
		{C0F40953-E132-494E-A064-286DE7497E33}.Win8.1 Debug|Win32.ActiveCfg = Debug|Win32
		{C0F40953-E132-494E-A064-286DE7497E33}.Win8.1 Debug|Win32.Build.0 = Debug|Win32
		{C0F40953-E132-494E-A064-286DE7497E33}.Win8.1 Debug|x64.ActiveCfg = Debug|Win32
		{C0F40953-E132-494E-A064-286DE7497E33}.Win8.1 Release|Any CPU.ActiveCfg = Release|Win32
		{C0F40953-E132-494E-A064-286DE7497E33}.Win8.1 Release|Mixed Platforms.ActiveCfg = Release|Win32
		{C0F40953-E132-494E-A064-286DE7497E33}.Win8.1 Release|Mixed Platforms.Build.0 = Release|Win32
		{C0F40953-E132-494E-A064-286DE7497E33}.Win8.1 Release|Win32.ActiveCfg = Release|Win32
		{C0F40953-E132-494E-A064-286DE7497E33}.Win8.1 Release|Win32.Build.0 = Release|Win32
		{C0F40953-E132-494E-A064-286DE7497E33}.Win8.1 Release|x64.ActiveCfg = Release|Win32
		{FFEC5A00-C8EB-483C-95C8-5796166D98D5}.Debug|Any CPU.ActiveCfg = Debug|Win32
		{FFEC5A00-C8EB-483C-95C8-5796166D98D5}.Debug|Mixed Platforms.ActiveCfg = Debug|Win32
		{FFEC5A00-C8EB-483C-95C8-5796166D98D5}.Debug|Mixed Platforms.Build.0 = Debug|Win32
		{FFEC5A00-C8EB-483C-95C8-5796166D98D5}.Debug|Mixed Platforms.Deploy.0 = Debug|Win32
		{FFEC5A00-C8EB-483C-95C8-5796166D98D5}.Debug|Win32.ActiveCfg = Debug|Win32
		{FFEC5A00-C8EB-483C-95C8-5796166D98D5}.Debug|Win32.Build.0 = Debug|Win32
		{FFEC5A00-C8EB-483C-95C8-5796166D98D5}.Debug|Win32.Deploy.0 = Debug|Win32
		{FFEC5A00-C8EB-483C-95C8-5796166D98D5}.Debug|x64.ActiveCfg = Debug|Win32
		{FFEC5A00-C8EB-483C-95C8-5796166D98D5}.Release|Any CPU.ActiveCfg = Release|Win32
		{FFEC5A00-C8EB-483C-95C8-5796166D98D5}.Release|Mixed Platforms.ActiveCfg = Release|Win32
		{FFEC5A00-C8EB-483C-95C8-5796166D98D5}.Release|Mixed Platforms.Build.0 = Release|Win32
		{FFEC5A00-C8EB-483C-95C8-5796166D98D5}.Release|Mixed Platforms.Deploy.0 = Release|Win32
		{FFEC5A00-C8EB-483C-95C8-5796166D98D5}.Release|Win32.ActiveCfg = Release|Win32
		{FFEC5A00-C8EB-483C-95C8-5796166D98D5}.Release|Win32.Build.0 = Release|Win32
		{FFEC5A00-C8EB-483C-95C8-5796166D98D5}.Release|Win32.Deploy.0 = Release|Win32
		{FFEC5A00-C8EB-483C-95C8-5796166D98D5}.Release|x64.ActiveCfg = Release|Win32
		{FFEC5A00-C8EB-483C-95C8-5796166D98D5}.Vista Debug|Any CPU.ActiveCfg = Debug|Win32
		{FFEC5A00-C8EB-483C-95C8-5796166D98D5}.Vista Debug|Mixed Platforms.ActiveCfg = Debug|Win32
		{FFEC5A00-C8EB-483C-95C8-5796166D98D5}.Vista Debug|Mixed Platforms.Build.0 = Debug|Win32
		{FFEC5A00-C8EB-483C-95C8-5796166D98D5}.Vista Debug|Mixed Platforms.Deploy.0 = Debug|Win32
		{FFEC5A00-C8EB-483C-95C8-5796166D98D5}.Vista Debug|Win32.ActiveCfg = Debug|Win32
		{FFEC5A00-C8EB-483C-95C8-5796166D98D5}.Vista Debug|Win32.Build.0 = Debug|Win32
		{FFEC5A00-C8EB-483C-95C8-5796166D98D5}.Vista Debug|Win32.Deploy.0 = Debug|Win32
		{FFEC5A00-C8EB-483C-95C8-5796166D98D5}.Vista Debug|x64.ActiveCfg = Debug|Win32
		{FFEC5A00-C8EB-483C-95C8-5796166D98D5}.Vista Release|Any CPU.ActiveCfg = Release|Win32
		{FFEC5A00-C8EB-483C-95C8-5796166D98D5}.Vista Release|Mixed Platforms.ActiveCfg = Release|Win32
		{FFEC5A00-C8EB-483C-95C8-5796166D98D5}.Vista Release|Mixed Platforms.Build.0 = Release|Win32
		{FFEC5A00-C8EB-483C-95C8-5796166D98D5}.Vista Release|Mixed Platforms.Deploy.0 = Release|Win32
		{FFEC5A00-C8EB-483C-95C8-5796166D98D5}.Vista Release|Win32.ActiveCfg = Release|Win32
		{FFEC5A00-C8EB-483C-95C8-5796166D98D5}.Vista Release|Win32.Build.0 = Release|Win32
		{FFEC5A00-C8EB-483C-95C8-5796166D98D5}.Vista Release|Win32.Deploy.0 = Release|Win32
		{FFEC5A00-C8EB-483C-95C8-5796166D98D5}.Vista Release|x64.ActiveCfg = Release|Win32
		{FFEC5A00-C8EB-483C-95C8-5796166D98D5}.Win7 Debug|Any CPU.ActiveCfg = Debug|Win32
		{FFEC5A00-C8EB-483C-95C8-5796166D98D5}.Win7 Debug|Mixed Platforms.ActiveCfg = Debug|Win32
		{FFEC5A00-C8EB-483C-95C8-5796166D98D5}.Win7 Debug|Mixed Platforms.Build.0 = Debug|Win32
		{FFEC5A00-C8EB-483C-95C8-5796166D98D5}.Win7 Debug|Mixed Platforms.Deploy.0 = Debug|Win32
		{FFEC5A00-C8EB-483C-95C8-5796166D98D5}.Win7 Debug|Win32.ActiveCfg = Debug|Win32
		{FFEC5A00-C8EB-483C-95C8-5796166D98D5}.Win7 Debug|Win32.Build.0 = Debug|Win32
		{FFEC5A00-C8EB-483C-95C8-5796166D98D5}.Win7 Debug|Win32.Deploy.0 = Debug|Win32
		{FFEC5A00-C8EB-483C-95C8-5796166D98D5}.Win7 Debug|x64.ActiveCfg = Debug|Win32
		{FFEC5A00-C8EB-483C-95C8-5796166D98D5}.Win7 Release|Any CPU.ActiveCfg = Release|Win32
		{FFEC5A00-C8EB-483C-95C8-5796166D98D5}.Win7 Release|Mixed Platforms.ActiveCfg = Release|Win32
		{FFEC5A00-C8EB-483C-95C8-5796166D98D5}.Win7 Release|Mixed Platforms.Build.0 = Release|Win32
		{FFEC5A00-C8EB-483C-95C8-5796166D98D5}.Win7 Release|Mixed Platforms.Deploy.0 = Release|Win32
		{FFEC5A00-C8EB-483C-95C8-5796166D98D5}.Win7 Release|Win32.ActiveCfg = Release|Win32
		{FFEC5A00-C8EB-483C-95C8-5796166D98D5}.Win7 Release|Win32.Build.0 = Release|Win32
		{FFEC5A00-C8EB-483C-95C8-5796166D98D5}.Win7 Release|Win32.Deploy.0 = Release|Win32
		{FFEC5A00-C8EB-483C-95C8-5796166D98D5}.Win7 Release|x64.ActiveCfg = Release|Win32
		{FFEC5A00-C8EB-483C-95C8-5796166D98D5}.Win8 Debug|Any CPU.ActiveCfg = Debug|Win32
		{FFEC5A00-C8EB-483C-95C8-5796166D98D5}.Win8 Debug|Mixed Platforms.ActiveCfg = Debug|Win32
		{FFEC5A00-C8EB-483C-95C8-5796166D98D5}.Win8 Debug|Mixed Platforms.Build.0 = Debug|Win32
		{FFEC5A00-C8EB-483C-95C8-5796166D98D5}.Win8 Debug|Mixed Platforms.Deploy.0 = Debug|Win32
		{FFEC5A00-C8EB-483C-95C8-5796166D98D5}.Win8 Debug|Win32.ActiveCfg = Debug|Win32
		{FFEC5A00-C8EB-483C-95C8-5796166D98D5}.Win8 Debug|Win32.Build.0 = Debug|Win32
		{FFEC5A00-C8EB-483C-95C8-5796166D98D5}.Win8 Debug|Win32.Deploy.0 = Debug|Win32
		{FFEC5A00-C8EB-483C-95C8-5796166D98D5}.Win8 Debug|x64.ActiveCfg = Debug|Win32
		{FFEC5A00-C8EB-483C-95C8-5796166D98D5}.Win8 Release|Any CPU.ActiveCfg = Release|Win32
		{FFEC5A00-C8EB-483C-95C8-5796166D98D5}.Win8 Release|Mixed Platforms.ActiveCfg = Release|Win32
		{FFEC5A00-C8EB-483C-95C8-5796166D98D5}.Win8 Release|Mixed Platforms.Build.0 = Release|Win32
		{FFEC5A00-C8EB-483C-95C8-5796166D98D5}.Win8 Release|Mixed Platforms.Deploy.0 = Release|Win32
		{FFEC5A00-C8EB-483C-95C8-5796166D98D5}.Win8 Release|Win32.ActiveCfg = Release|Win32
		{FFEC5A00-C8EB-483C-95C8-5796166D98D5}.Win8 Release|Win32.Build.0 = Release|Win32
		{FFEC5A00-C8EB-483C-95C8-5796166D98D5}.Win8 Release|Win32.Deploy.0 = Release|Win32
		{FFEC5A00-C8EB-483C-95C8-5796166D98D5}.Win8 Release|x64.ActiveCfg = Release|Win32
		{FFEC5A00-C8EB-483C-95C8-5796166D98D5}.Win8.1 Debug|Any CPU.ActiveCfg = Debug|Win32
		{FFEC5A00-C8EB-483C-95C8-5796166D98D5}.Win8.1 Debug|Mixed Platforms.ActiveCfg = Debug|Win32
		{FFEC5A00-C8EB-483C-95C8-5796166D98D5}.Win8.1 Debug|Mixed Platforms.Build.0 = Debug|Win32
		{FFEC5A00-C8EB-483C-95C8-5796166D98D5}.Win8.1 Debug|Win32.ActiveCfg = Debug|Win32
		{FFEC5A00-C8EB-483C-95C8-5796166D98D5}.Win8.1 Debug|Win32.Build.0 = Debug|Win32
		{FFEC5A00-C8EB-483C-95C8-5796166D98D5}.Win8.1 Debug|x64.ActiveCfg = Debug|Win32
		{FFEC5A00-C8EB-483C-95C8-5796166D98D5}.Win8.1 Release|Any CPU.ActiveCfg = Release|Win32
		{FFEC5A00-C8EB-483C-95C8-5796166D98D5}.Win8.1 Release|Mixed Platforms.ActiveCfg = Release|Win32
		{FFEC5A00-C8EB-483C-95C8-5796166D98D5}.Win8.1 Release|Mixed Platforms.Build.0 = Release|Win32
		{FFEC5A00-C8EB-483C-95C8-5796166D98D5}.Win8.1 Release|Win32.ActiveCfg = Release|Win32
		{FFEC5A00-C8EB-483C-95C8-5796166D98D5}.Win8.1 Release|Win32.Build.0 = Release|Win32
		{FFEC5A00-C8EB-483C-95C8-5796166D98D5}.Win8.1 Release|x64.ActiveCfg = Release|Win32
		{53C079BE-E027-4B2B-BA66-569AC5138CB7}.Debug|Any CPU.ActiveCfg = Debug|Win32
		{53C079BE-E027-4B2B-BA66-569AC5138CB7}.Debug|Mixed Platforms.ActiveCfg = Debug|Win32
		{53C079BE-E027-4B2B-BA66-569AC5138CB7}.Debug|Mixed Platforms.Build.0 = Debug|Win32
		{53C079BE-E027-4B2B-BA66-569AC5138CB7}.Debug|Mixed Platforms.Deploy.0 = Debug|Win32
		{53C079BE-E027-4B2B-BA66-569AC5138CB7}.Debug|Win32.ActiveCfg = Debug|Win32
		{53C079BE-E027-4B2B-BA66-569AC5138CB7}.Debug|Win32.Build.0 = Debug|Win32
		{53C079BE-E027-4B2B-BA66-569AC5138CB7}.Debug|Win32.Deploy.0 = Debug|Win32
		{53C079BE-E027-4B2B-BA66-569AC5138CB7}.Debug|x64.ActiveCfg = Debug|Win32
		{53C079BE-E027-4B2B-BA66-569AC5138CB7}.Release|Any CPU.ActiveCfg = Release|Win32
		{53C079BE-E027-4B2B-BA66-569AC5138CB7}.Release|Mixed Platforms.ActiveCfg = Release|Win32
		{53C079BE-E027-4B2B-BA66-569AC5138CB7}.Release|Mixed Platforms.Build.0 = Release|Win32
		{53C079BE-E027-4B2B-BA66-569AC5138CB7}.Release|Mixed Platforms.Deploy.0 = Release|Win32
		{53C079BE-E027-4B2B-BA66-569AC5138CB7}.Release|Win32.ActiveCfg = Release|Win32
		{53C079BE-E027-4B2B-BA66-569AC5138CB7}.Release|Win32.Build.0 = Release|Win32
		{53C079BE-E027-4B2B-BA66-569AC5138CB7}.Release|Win32.Deploy.0 = Release|Win32
		{53C079BE-E027-4B2B-BA66-569AC5138CB7}.Release|x64.ActiveCfg = Release|Win32
		{53C079BE-E027-4B2B-BA66-569AC5138CB7}.Vista Debug|Any CPU.ActiveCfg = Debug|Win32
		{53C079BE-E027-4B2B-BA66-569AC5138CB7}.Vista Debug|Mixed Platforms.ActiveCfg = Debug|Win32
		{53C079BE-E027-4B2B-BA66-569AC5138CB7}.Vista Debug|Mixed Platforms.Build.0 = Debug|Win32
		{53C079BE-E027-4B2B-BA66-569AC5138CB7}.Vista Debug|Mixed Platforms.Deploy.0 = Debug|Win32
		{53C079BE-E027-4B2B-BA66-569AC5138CB7}.Vista Debug|Win32.ActiveCfg = Debug|Win32
		{53C079BE-E027-4B2B-BA66-569AC5138CB7}.Vista Debug|Win32.Build.0 = Debug|Win32
		{53C079BE-E027-4B2B-BA66-569AC5138CB7}.Vista Debug|Win32.Deploy.0 = Debug|Win32
		{53C079BE-E027-4B2B-BA66-569AC5138CB7}.Vista Debug|x64.ActiveCfg = Debug|Win32
		{53C079BE-E027-4B2B-BA66-569AC5138CB7}.Vista Release|Any CPU.ActiveCfg = Release|Win32
		{53C079BE-E027-4B2B-BA66-569AC5138CB7}.Vista Release|Mixed Platforms.ActiveCfg = Release|Win32
		{53C079BE-E027-4B2B-BA66-569AC5138CB7}.Vista Release|Mixed Platforms.Build.0 = Release|Win32
		{53C079BE-E027-4B2B-BA66-569AC5138CB7}.Vista Release|Mixed Platforms.Deploy.0 = Release|Win32
		{53C079BE-E027-4B2B-BA66-569AC5138CB7}.Vista Release|Win32.ActiveCfg = Release|Win32
		{53C079BE-E027-4B2B-BA66-569AC5138CB7}.Vista Release|Win32.Build.0 = Release|Win32
		{53C079BE-E027-4B2B-BA66-569AC5138CB7}.Vista Release|Win32.Deploy.0 = Release|Win32
		{53C079BE-E027-4B2B-BA66-569AC5138CB7}.Vista Release|x64.ActiveCfg = Release|Win32
		{53C079BE-E027-4B2B-BA66-569AC5138CB7}.Win7 Debug|Any CPU.ActiveCfg = Debug|Win32
		{53C079BE-E027-4B2B-BA66-569AC5138CB7}.Win7 Debug|Mixed Platforms.ActiveCfg = Debug|Win32
		{53C079BE-E027-4B2B-BA66-569AC5138CB7}.Win7 Debug|Mixed Platforms.Build.0 = Debug|Win32
		{53C079BE-E027-4B2B-BA66-569AC5138CB7}.Win7 Debug|Mixed Platforms.Deploy.0 = Debug|Win32
		{53C079BE-E027-4B2B-BA66-569AC5138CB7}.Win7 Debug|Win32.ActiveCfg = Debug|Win32
		{53C079BE-E027-4B2B-BA66-569AC5138CB7}.Win7 Debug|Win32.Build.0 = Debug|Win32
		{53C079BE-E027-4B2B-BA66-569AC5138CB7}.Win7 Debug|Win32.Deploy.0 = Debug|Win32
		{53C079BE-E027-4B2B-BA66-569AC5138CB7}.Win7 Debug|x64.ActiveCfg = Debug|Win32
		{53C079BE-E027-4B2B-BA66-569AC5138CB7}.Win7 Release|Any CPU.ActiveCfg = Release|Win32
		{53C079BE-E027-4B2B-BA66-569AC5138CB7}.Win7 Release|Mixed Platforms.ActiveCfg = Release|Win32
		{53C079BE-E027-4B2B-BA66-569AC5138CB7}.Win7 Release|Mixed Platforms.Build.0 = Release|Win32
		{53C079BE-E027-4B2B-BA66-569AC5138CB7}.Win7 Release|Mixed Platforms.Deploy.0 = Release|Win32
		{53C079BE-E027-4B2B-BA66-569AC5138CB7}.Win7 Release|Win32.ActiveCfg = Release|Win32
		{53C079BE-E027-4B2B-BA66-569AC5138CB7}.Win7 Release|Win32.Build.0 = Release|Win32
		{53C079BE-E027-4B2B-BA66-569AC5138CB7}.Win7 Release|Win32.Deploy.0 = Release|Win32
		{53C079BE-E027-4B2B-BA66-569AC5138CB7}.Win7 Release|x64.ActiveCfg = Release|Win32
		{53C079BE-E027-4B2B-BA66-569AC5138CB7}.Win8 Debug|Any CPU.ActiveCfg = Debug|Win32
		{53C079BE-E027-4B2B-BA66-569AC5138CB7}.Win8 Debug|Mixed Platforms.ActiveCfg = Debug|Win32
		{53C079BE-E027-4B2B-BA66-569AC5138CB7}.Win8 Debug|Mixed Platforms.Build.0 = Debug|Win32
		{53C079BE-E027-4B2B-BA66-569AC5138CB7}.Win8 Debug|Mixed Platforms.Deploy.0 = Debug|Win32
		{53C079BE-E027-4B2B-BA66-569AC5138CB7}.Win8 Debug|Win32.ActiveCfg = Debug|Win32
		{53C079BE-E027-4B2B-BA66-569AC5138CB7}.Win8 Debug|Win32.Build.0 = Debug|Win32
		{53C079BE-E027-4B2B-BA66-569AC5138CB7}.Win8 Debug|Win32.Deploy.0 = Debug|Win32
		{53C079BE-E027-4B2B-BA66-569AC5138CB7}.Win8 Debug|x64.ActiveCfg = Debug|Win32
		{53C079BE-E027-4B2B-BA66-569AC5138CB7}.Win8 Release|Any CPU.ActiveCfg = Release|Win32
		{53C079BE-E027-4B2B-BA66-569AC5138CB7}.Win8 Release|Mixed Platforms.ActiveCfg = Release|Win32
		{53C079BE-E027-4B2B-BA66-569AC5138CB7}.Win8 Release|Mixed Platforms.Build.0 = Release|Win32
		{53C079BE-E027-4B2B-BA66-569AC5138CB7}.Win8 Release|Mixed Platforms.Deploy.0 = Release|Win32
		{53C079BE-E027-4B2B-BA66-569AC5138CB7}.Win8 Release|Win32.ActiveCfg = Release|Win32
		{53C079BE-E027-4B2B-BA66-569AC5138CB7}.Win8 Release|Win32.Build.0 = Release|Win32
		{53C079BE-E027-4B2B-BA66-569AC5138CB7}.Win8 Release|Win32.Deploy.0 = Release|Win32
		{53C079BE-E027-4B2B-BA66-569AC5138CB7}.Win8 Release|x64.ActiveCfg = Release|Win32
		{53C079BE-E027-4B2B-BA66-569AC5138CB7}.Win8.1 Debug|Any CPU.ActiveCfg = Debug|Win32
		{53C079BE-E027-4B2B-BA66-569AC5138CB7}.Win8.1 Debug|Mixed Platforms.ActiveCfg = Debug|Win32
		{53C079BE-E027-4B2B-BA66-569AC5138CB7}.Win8.1 Debug|Mixed Platforms.Build.0 = Debug|Win32
		{53C079BE-E027-4B2B-BA66-569AC5138CB7}.Win8.1 Debug|Win32.ActiveCfg = Debug|Win32
		{53C079BE-E027-4B2B-BA66-569AC5138CB7}.Win8.1 Debug|Win32.Build.0 = Debug|Win32
		{53C079BE-E027-4B2B-BA66-569AC5138CB7}.Win8.1 Debug|x64.ActiveCfg = Debug|Win32
		{53C079BE-E027-4B2B-BA66-569AC5138CB7}.Win8.1 Release|Any CPU.ActiveCfg = Release|Win32
		{53C079BE-E027-4B2B-BA66-569AC5138CB7}.Win8.1 Release|Mixed Platforms.ActiveCfg = Release|Win32
		{53C079BE-E027-4B2B-BA66-569AC5138CB7}.Win8.1 Release|Mixed Platforms.Build.0 = Release|Win32
		{53C079BE-E027-4B2B-BA66-569AC5138CB7}.Win8.1 Release|Win32.ActiveCfg = Release|Win32
		{53C079BE-E027-4B2B-BA66-569AC5138CB7}.Win8.1 Release|Win32.Build.0 = Release|Win32
		{53C079BE-E027-4B2B-BA66-569AC5138CB7}.Win8.1 Release|x64.ActiveCfg = Release|Win32
		{BF254B84-1FC8-4390-B917-990BE992734C}.Debug|Any CPU.ActiveCfg = Win8.1 Debug|Win32
		{BF254B84-1FC8-4390-B917-990BE992734C}.Debug|Mixed Platforms.ActiveCfg = Win8.1 Debug|Win32
		{BF254B84-1FC8-4390-B917-990BE992734C}.Debug|Mixed Platforms.Build.0 = Win8.1 Debug|Win32
		{BF254B84-1FC8-4390-B917-990BE992734C}.Debug|Win32.ActiveCfg = Win8.1 Debug|Win32
		{BF254B84-1FC8-4390-B917-990BE992734C}.Debug|Win32.Build.0 = Win8.1 Debug|Win32
		{BF254B84-1FC8-4390-B917-990BE992734C}.Debug|x64.ActiveCfg = Win8.1 Debug|x64
		{BF254B84-1FC8-4390-B917-990BE992734C}.Debug|x64.Build.0 = Win8.1 Debug|x64
		{BF254B84-1FC8-4390-B917-990BE992734C}.Debug|x64.Deploy.0 = Win8.1 Debug|x64
		{BF254B84-1FC8-4390-B917-990BE992734C}.Release|Any CPU.ActiveCfg = Win8.1 Release|Win32
		{BF254B84-1FC8-4390-B917-990BE992734C}.Release|Mixed Platforms.ActiveCfg = Win8.1 Release|Win32
		{BF254B84-1FC8-4390-B917-990BE992734C}.Release|Mixed Platforms.Build.0 = Win8.1 Release|Win32
		{BF254B84-1FC8-4390-B917-990BE992734C}.Release|Win32.ActiveCfg = Win8.1 Release|Win32
		{BF254B84-1FC8-4390-B917-990BE992734C}.Release|Win32.Build.0 = Win8.1 Release|Win32
		{BF254B84-1FC8-4390-B917-990BE992734C}.Release|x64.ActiveCfg = Win8.1 Release|x64
		{BF254B84-1FC8-4390-B917-990BE992734C}.Release|x64.Build.0 = Win8.1 Release|x64
		{BF254B84-1FC8-4390-B917-990BE992734C}.Release|x64.Deploy.0 = Win8.1 Release|x64
		{BF254B84-1FC8-4390-B917-990BE992734C}.Vista Debug|Any CPU.ActiveCfg = Win8.1 Release|Win32
		{BF254B84-1FC8-4390-B917-990BE992734C}.Vista Debug|Mixed Platforms.ActiveCfg = Win8.1 Release|Win32
		{BF254B84-1FC8-4390-B917-990BE992734C}.Vista Debug|Mixed Platforms.Build.0 = Win8.1 Release|Win32
		{BF254B84-1FC8-4390-B917-990BE992734C}.Vista Debug|Win32.ActiveCfg = Win8.1 Release|Win32
		{BF254B84-1FC8-4390-B917-990BE992734C}.Vista Debug|Win32.Build.0 = Win8.1 Release|Win32
		{BF254B84-1FC8-4390-B917-990BE992734C}.Vista Debug|x64.ActiveCfg = Win8.1 Release|x64
		{BF254B84-1FC8-4390-B917-990BE992734C}.Vista Debug|x64.Build.0 = Win8.1 Release|x64
		{BF254B84-1FC8-4390-B917-990BE992734C}.Vista Debug|x64.Deploy.0 = Win8.1 Release|x64
		{BF254B84-1FC8-4390-B917-990BE992734C}.Vista Release|Any CPU.ActiveCfg = Win8.1 Release|Win32
		{BF254B84-1FC8-4390-B917-990BE992734C}.Vista Release|Mixed Platforms.ActiveCfg = Win8.1 Release|Win32
		{BF254B84-1FC8-4390-B917-990BE992734C}.Vista Release|Mixed Platforms.Build.0 = Win8.1 Release|Win32
		{BF254B84-1FC8-4390-B917-990BE992734C}.Vista Release|Win32.ActiveCfg = Win8.1 Release|Win32
		{BF254B84-1FC8-4390-B917-990BE992734C}.Vista Release|Win32.Build.0 = Win8.1 Release|Win32
		{BF254B84-1FC8-4390-B917-990BE992734C}.Vista Release|x64.ActiveCfg = Win8.1 Release|x64
		{BF254B84-1FC8-4390-B917-990BE992734C}.Vista Release|x64.Build.0 = Win8.1 Release|x64
		{BF254B84-1FC8-4390-B917-990BE992734C}.Vista Release|x64.Deploy.0 = Win8.1 Release|x64
		{BF254B84-1FC8-4390-B917-990BE992734C}.Win7 Debug|Any CPU.ActiveCfg = Win7 Debug|Win32
		{BF254B84-1FC8-4390-B917-990BE992734C}.Win7 Debug|Mixed Platforms.ActiveCfg = Win7 Debug|Win32
		{BF254B84-1FC8-4390-B917-990BE992734C}.Win7 Debug|Mixed Platforms.Build.0 = Win7 Debug|Win32
		{BF254B84-1FC8-4390-B917-990BE992734C}.Win7 Debug|Win32.ActiveCfg = Win7 Debug|Win32
		{BF254B84-1FC8-4390-B917-990BE992734C}.Win7 Debug|Win32.Build.0 = Win7 Debug|Win32
		{BF254B84-1FC8-4390-B917-990BE992734C}.Win7 Debug|x64.ActiveCfg = Win7 Debug|x64
		{BF254B84-1FC8-4390-B917-990BE992734C}.Win7 Debug|x64.Build.0 = Win7 Debug|x64
		{BF254B84-1FC8-4390-B917-990BE992734C}.Win7 Debug|x64.Deploy.0 = Win7 Debug|x64
		{BF254B84-1FC8-4390-B917-990BE992734C}.Win7 Release|Any CPU.ActiveCfg = Win7 Release|Win32
		{BF254B84-1FC8-4390-B917-990BE992734C}.Win7 Release|Mixed Platforms.ActiveCfg = Win7 Release|Win32
		{BF254B84-1FC8-4390-B917-990BE992734C}.Win7 Release|Mixed Platforms.Build.0 = Win7 Release|Win32
		{BF254B84-1FC8-4390-B917-990BE992734C}.Win7 Release|Win32.ActiveCfg = Win7 Release|Win32
		{BF254B84-1FC8-4390-B917-990BE992734C}.Win7 Release|Win32.Build.0 = Win7 Release|Win32
		{BF254B84-1FC8-4390-B917-990BE992734C}.Win7 Release|x64.ActiveCfg = Win7 Release|x64
		{BF254B84-1FC8-4390-B917-990BE992734C}.Win7 Release|x64.Build.0 = Win7 Release|x64
		{BF254B84-1FC8-4390-B917-990BE992734C}.Win7 Release|x64.Deploy.0 = Win7 Release|x64
		{BF254B84-1FC8-4390-B917-990BE992734C}.Win8 Debug|Any CPU.ActiveCfg = Win8 Debug|Win32
		{BF254B84-1FC8-4390-B917-990BE992734C}.Win8 Debug|Mixed Platforms.ActiveCfg = Win8 Debug|Win32
		{BF254B84-1FC8-4390-B917-990BE992734C}.Win8 Debug|Mixed Platforms.Build.0 = Win8 Debug|Win32
		{BF254B84-1FC8-4390-B917-990BE992734C}.Win8 Debug|Win32.ActiveCfg = Win8 Debug|Win32
		{BF254B84-1FC8-4390-B917-990BE992734C}.Win8 Debug|Win32.Build.0 = Win8 Debug|Win32
		{BF254B84-1FC8-4390-B917-990BE992734C}.Win8 Debug|x64.ActiveCfg = Win8 Debug|x64
		{BF254B84-1FC8-4390-B917-990BE992734C}.Win8 Debug|x64.Build.0 = Win8 Debug|x64
		{BF254B84-1FC8-4390-B917-990BE992734C}.Win8 Debug|x64.Deploy.0 = Win8 Debug|x64
		{BF254B84-1FC8-4390-B917-990BE992734C}.Win8 Release|Any CPU.ActiveCfg = Win8 Release|Win32
		{BF254B84-1FC8-4390-B917-990BE992734C}.Win8 Release|Mixed Platforms.ActiveCfg = Win8 Release|Win32
		{BF254B84-1FC8-4390-B917-990BE992734C}.Win8 Release|Mixed Platforms.Build.0 = Win8 Release|Win32
		{BF254B84-1FC8-4390-B917-990BE992734C}.Win8 Release|Win32.ActiveCfg = Win8 Release|Win32
		{BF254B84-1FC8-4390-B917-990BE992734C}.Win8 Release|Win32.Build.0 = Win8 Release|Win32
		{BF254B84-1FC8-4390-B917-990BE992734C}.Win8 Release|x64.ActiveCfg = Win8 Release|x64
		{BF254B84-1FC8-4390-B917-990BE992734C}.Win8 Release|x64.Build.0 = Win8 Release|x64
		{BF254B84-1FC8-4390-B917-990BE992734C}.Win8 Release|x64.Deploy.0 = Win8 Release|x64
		{BF254B84-1FC8-4390-B917-990BE992734C}.Win8.1 Debug|Any CPU.ActiveCfg = Win8.1 Debug|Win32
		{BF254B84-1FC8-4390-B917-990BE992734C}.Win8.1 Debug|Mixed Platforms.ActiveCfg = Win8.1 Debug|Win32
		{BF254B84-1FC8-4390-B917-990BE992734C}.Win8.1 Debug|Mixed Platforms.Build.0 = Win8.1 Debug|Win32
		{BF254B84-1FC8-4390-B917-990BE992734C}.Win8.1 Debug|Win32.ActiveCfg = Win8.1 Debug|Win32
		{BF254B84-1FC8-4390-B917-990BE992734C}.Win8.1 Debug|Win32.Build.0 = Win8.1 Debug|Win32
		{BF254B84-1FC8-4390-B917-990BE992734C}.Win8.1 Debug|x64.ActiveCfg = Win8.1 Debug|x64
		{BF254B84-1FC8-4390-B917-990BE992734C}.Win8.1 Debug|x64.Build.0 = Win8.1 Debug|x64
		{BF254B84-1FC8-4390-B917-990BE992734C}.Win8.1 Debug|x64.Deploy.0 = Win8.1 Debug|x64
		{BF254B84-1FC8-4390-B917-990BE992734C}.Win8.1 Release|Any CPU.ActiveCfg = Win8.1 Release|Win32
		{BF254B84-1FC8-4390-B917-990BE992734C}.Win8.1 Release|Mixed Platforms.ActiveCfg = Win8.1 Release|Win32
		{BF254B84-1FC8-4390-B917-990BE992734C}.Win8.1 Release|Mixed Platforms.Build.0 = Win8.1 Release|Win32
		{BF254B84-1FC8-4390-B917-990BE992734C}.Win8.1 Release|Win32.ActiveCfg = Win8.1 Release|Win32
		{BF254B84-1FC8-4390-B917-990BE992734C}.Win8.1 Release|Win32.Build.0 = Win8.1 Release|Win32
		{BF254B84-1FC8-4390-B917-990BE992734C}.Win8.1 Release|x64.ActiveCfg = Win8.1 Release|x64
		{BF254B84-1FC8-4390-B917-990BE992734C}.Win8.1 Release|x64.Build.0 = Win8.1 Release|x64
		{BF254B84-1FC8-4390-B917-990BE992734C}.Win8.1 Release|x64.Deploy.0 = Win8.1 Release|x64
		{2C9BC69C-8CEC-4C57-875C-E502EC76AE3B}.Debug|Any CPU.ActiveCfg = Debug|Win32
		{2C9BC69C-8CEC-4C57-875C-E502EC76AE3B}.Debug|Mixed Platforms.ActiveCfg = Debug|Win32
		{2C9BC69C-8CEC-4C57-875C-E502EC76AE3B}.Debug|Mixed Platforms.Build.0 = Debug|Win32
		{2C9BC69C-8CEC-4C57-875C-E502EC76AE3B}.Debug|Win32.ActiveCfg = Debug|Win32
		{2C9BC69C-8CEC-4C57-875C-E502EC76AE3B}.Debug|Win32.Build.0 = Debug|Win32
		{2C9BC69C-8CEC-4C57-875C-E502EC76AE3B}.Debug|x64.ActiveCfg = Debug|Win32
		{2C9BC69C-8CEC-4C57-875C-E502EC76AE3B}.Release|Any CPU.ActiveCfg = Release|Win32
		{2C9BC69C-8CEC-4C57-875C-E502EC76AE3B}.Release|Mixed Platforms.ActiveCfg = Release|Win32
		{2C9BC69C-8CEC-4C57-875C-E502EC76AE3B}.Release|Mixed Platforms.Build.0 = Release|Win32
		{2C9BC69C-8CEC-4C57-875C-E502EC76AE3B}.Release|Win32.ActiveCfg = Release|Win32
		{2C9BC69C-8CEC-4C57-875C-E502EC76AE3B}.Release|Win32.Build.0 = Release|Win32
		{2C9BC69C-8CEC-4C57-875C-E502EC76AE3B}.Release|x64.ActiveCfg = Release|Win32
		{2C9BC69C-8CEC-4C57-875C-E502EC76AE3B}.Vista Debug|Any CPU.ActiveCfg = Debug|Win32
		{2C9BC69C-8CEC-4C57-875C-E502EC76AE3B}.Vista Debug|Mixed Platforms.ActiveCfg = Debug|Win32
		{2C9BC69C-8CEC-4C57-875C-E502EC76AE3B}.Vista Debug|Mixed Platforms.Build.0 = Debug|Win32
		{2C9BC69C-8CEC-4C57-875C-E502EC76AE3B}.Vista Debug|Win32.ActiveCfg = Debug|Win32
		{2C9BC69C-8CEC-4C57-875C-E502EC76AE3B}.Vista Debug|Win32.Build.0 = Debug|Win32
		{2C9BC69C-8CEC-4C57-875C-E502EC76AE3B}.Vista Debug|x64.ActiveCfg = Debug|Win32
		{2C9BC69C-8CEC-4C57-875C-E502EC76AE3B}.Vista Release|Any CPU.ActiveCfg = Release|Win32
		{2C9BC69C-8CEC-4C57-875C-E502EC76AE3B}.Vista Release|Mixed Platforms.ActiveCfg = Release|Win32
		{2C9BC69C-8CEC-4C57-875C-E502EC76AE3B}.Vista Release|Mixed Platforms.Build.0 = Release|Win32
		{2C9BC69C-8CEC-4C57-875C-E502EC76AE3B}.Vista Release|Win32.ActiveCfg = Release|Win32
		{2C9BC69C-8CEC-4C57-875C-E502EC76AE3B}.Vista Release|Win32.Build.0 = Release|Win32
		{2C9BC69C-8CEC-4C57-875C-E502EC76AE3B}.Vista Release|x64.ActiveCfg = Release|Win32
		{2C9BC69C-8CEC-4C57-875C-E502EC76AE3B}.Win7 Debug|Any CPU.ActiveCfg = Debug|Win32
		{2C9BC69C-8CEC-4C57-875C-E502EC76AE3B}.Win7 Debug|Mixed Platforms.ActiveCfg = Debug|Win32
		{2C9BC69C-8CEC-4C57-875C-E502EC76AE3B}.Win7 Debug|Mixed Platforms.Build.0 = Debug|Win32
		{2C9BC69C-8CEC-4C57-875C-E502EC76AE3B}.Win7 Debug|Win32.ActiveCfg = Debug|Win32
		{2C9BC69C-8CEC-4C57-875C-E502EC76AE3B}.Win7 Debug|Win32.Build.0 = Debug|Win32
		{2C9BC69C-8CEC-4C57-875C-E502EC76AE3B}.Win7 Debug|x64.ActiveCfg = Debug|Win32
		{2C9BC69C-8CEC-4C57-875C-E502EC76AE3B}.Win7 Release|Any CPU.ActiveCfg = Release|Win32
		{2C9BC69C-8CEC-4C57-875C-E502EC76AE3B}.Win7 Release|Mixed Platforms.ActiveCfg = Release|Win32
		{2C9BC69C-8CEC-4C57-875C-E502EC76AE3B}.Win7 Release|Mixed Platforms.Build.0 = Release|Win32
		{2C9BC69C-8CEC-4C57-875C-E502EC76AE3B}.Win7 Release|Win32.ActiveCfg = Release|Win32
		{2C9BC69C-8CEC-4C57-875C-E502EC76AE3B}.Win7 Release|Win32.Build.0 = Release|Win32
		{2C9BC69C-8CEC-4C57-875C-E502EC76AE3B}.Win7 Release|x64.ActiveCfg = Release|Win32
		{2C9BC69C-8CEC-4C57-875C-E502EC76AE3B}.Win8 Debug|Any CPU.ActiveCfg = Debug|Win32
		{2C9BC69C-8CEC-4C57-875C-E502EC76AE3B}.Win8 Debug|Mixed Platforms.ActiveCfg = Debug|Win32
		{2C9BC69C-8CEC-4C57-875C-E502EC76AE3B}.Win8 Debug|Mixed Platforms.Build.0 = Debug|Win32
		{2C9BC69C-8CEC-4C57-875C-E502EC76AE3B}.Win8 Debug|Win32.ActiveCfg = Debug|Win32
		{2C9BC69C-8CEC-4C57-875C-E502EC76AE3B}.Win8 Debug|Win32.Build.0 = Debug|Win32
		{2C9BC69C-8CEC-4C57-875C-E502EC76AE3B}.Win8 Debug|x64.ActiveCfg = Debug|Win32
		{2C9BC69C-8CEC-4C57-875C-E502EC76AE3B}.Win8 Release|Any CPU.ActiveCfg = Release|Win32
		{2C9BC69C-8CEC-4C57-875C-E502EC76AE3B}.Win8 Release|Mixed Platforms.ActiveCfg = Release|Win32
		{2C9BC69C-8CEC-4C57-875C-E502EC76AE3B}.Win8 Release|Mixed Platforms.Build.0 = Release|Win32
		{2C9BC69C-8CEC-4C57-875C-E502EC76AE3B}.Win8 Release|Win32.ActiveCfg = Release|Win32
		{2C9BC69C-8CEC-4C57-875C-E502EC76AE3B}.Win8 Release|Win32.Build.0 = Release|Win32
		{2C9BC69C-8CEC-4C57-875C-E502EC76AE3B}.Win8 Release|x64.ActiveCfg = Release|Win32
		{2C9BC69C-8CEC-4C57-875C-E502EC76AE3B}.Win8.1 Debug|Any CPU.ActiveCfg = Debug|Win32
		{2C9BC69C-8CEC-4C57-875C-E502EC76AE3B}.Win8.1 Debug|Mixed Platforms.ActiveCfg = Debug|Win32
		{2C9BC69C-8CEC-4C57-875C-E502EC76AE3B}.Win8.1 Debug|Mixed Platforms.Build.0 = Debug|Win32
		{2C9BC69C-8CEC-4C57-875C-E502EC76AE3B}.Win8.1 Debug|Win32.ActiveCfg = Debug|Win32
		{2C9BC69C-8CEC-4C57-875C-E502EC76AE3B}.Win8.1 Debug|Win32.Build.0 = Debug|Win32
		{2C9BC69C-8CEC-4C57-875C-E502EC76AE3B}.Win8.1 Debug|x64.ActiveCfg = Debug|Win32
		{2C9BC69C-8CEC-4C57-875C-E502EC76AE3B}.Win8.1 Release|Any CPU.ActiveCfg = Release|Win32
		{2C9BC69C-8CEC-4C57-875C-E502EC76AE3B}.Win8.1 Release|Mixed Platforms.ActiveCfg = Release|Win32
		{2C9BC69C-8CEC-4C57-875C-E502EC76AE3B}.Win8.1 Release|Mixed Platforms.Build.0 = Release|Win32
		{2C9BC69C-8CEC-4C57-875C-E502EC76AE3B}.Win8.1 Release|Win32.ActiveCfg = Release|Win32
		{2C9BC69C-8CEC-4C57-875C-E502EC76AE3B}.Win8.1 Release|Win32.Build.0 = Release|Win32
		{2C9BC69C-8CEC-4C57-875C-E502EC76AE3B}.Win8.1 Release|x64.ActiveCfg = Release|Win32
	EndGlobalSection
	GlobalSection(SolutionProperties) = preSolution
		HideSolutionNode = FALSE
	EndGlobalSection
	GlobalSection(NestedProjects) = preSolution
		{4D366E76-5436-45F1-8CC7-E4BBFFB324F5} = {6EDC0F7F-3D3A-4399-912C-FD85C918C38F}
		{FD5DA158-7543-4FF7-A025-8301D86DF2F7} = {E659524E-0772-498E-929E-3848C9456F8D}
		{09A0BD19-EEC2-4DC6-8A36-6ADB3D84A0F7} = {13975FF6-4C92-4F4D-B1C4-60833043CFE4}
		{8C0F50BD-BE3E-4FF8-86F9-3A76DC99C1A8} = {14625FE3-757A-4A4D-9E7D-D88695A2E3DC}
		{C0F40953-E132-494E-A064-286DE7497E33} = {14625FE3-757A-4A4D-9E7D-D88695A2E3DC}
		{FFEC5A00-C8EB-483C-95C8-5796166D98D5} = {13975FF6-4C92-4F4D-B1C4-60833043CFE4}
		{53C079BE-E027-4B2B-BA66-569AC5138CB7} = {13975FF6-4C92-4F4D-B1C4-60833043CFE4}
		{BF254B84-1FC8-4390-B917-990BE992734C} = {6EDC0F7F-3D3A-4399-912C-FD85C918C38F}
		{2C9BC69C-8CEC-4C57-875C-E502EC76AE3B} = {14625FE3-757A-4A4D-9E7D-D88695A2E3DC}
	EndGlobalSection
EndGlobal
